// !$*UTF8*$!
{
	archiveVersion = 1;
	classes = {
	};
	objectVersion = 52;
	objects = {

/* Begin PBXBuildFile section */
		0400C70225DCAE2B00D234EE /* PassGenericViewContent.swift in Sources */ = {isa = PBXBuildFile; fileRef = 0400C70125DCAE2B00D234EE /* PassGenericViewContent.swift */; };
		0418F63925D4EDB800B40FAB /* DisableTab.swift in Sources */ = {isa = PBXBuildFile; fileRef = 0418F63825D4EDB800B40FAB /* DisableTab.swift */; };
		041CB97425C8CE6800111090 /* HowToSwiftUIApp.swift in Sources */ = {isa = PBXBuildFile; fileRef = 041CB97325C8CE6800111090 /* HowToSwiftUIApp.swift */; };
		041CB97625C8CE6800111090 /* ContentView.swift in Sources */ = {isa = PBXBuildFile; fileRef = 041CB97525C8CE6800111090 /* ContentView.swift */; };
		041CB97825C8CE6A00111090 /* Assets.xcassets in Resources */ = {isa = PBXBuildFile; fileRef = 041CB97725C8CE6A00111090 /* Assets.xcassets */; };
		041CB97B25C8CE6A00111090 /* Preview Assets.xcassets in Resources */ = {isa = PBXBuildFile; fileRef = 041CB97A25C8CE6A00111090 /* Preview Assets.xcassets */; };
		041CB98425C8CFB600111090 /* HideNavigationBar.swift in Sources */ = {isa = PBXBuildFile; fileRef = 041CB98325C8CFB600111090 /* HideNavigationBar.swift */; };
		041CB98725C8D20700111090 /* UseSheet.swift in Sources */ = {isa = PBXBuildFile; fileRef = 041CB98625C8D20700111090 /* UseSheet.swift */; };
		041CB98B25C8D83300111090 /* CenterTextFieldPlaceholderText.swift in Sources */ = {isa = PBXBuildFile; fileRef = 041CB98A25C8D83300111090 /* CenterTextFieldPlaceholderText.swift */; };
		041ECC7C25CE1EB600A37F49 /* SecureToggleTextField.swift in Sources */ = {isa = PBXBuildFile; fileRef = 041ECC7B25CE1EB600A37F49 /* SecureToggleTextField.swift */; };
		041ECC8025CE1F1000A37F49 /* Introspect in Frameworks */ = {isa = PBXBuildFile; productRef = 041ECC7F25CE1F1000A37F49 /* Introspect */; };
		041ECC8725CE45E300A37F49 /* SwiftUIComponents in Frameworks */ = {isa = PBXBuildFile; productRef = 041ECC8625CE45E300A37F49 /* SwiftUIComponents */; };
		0478402925DC804D00CBF92B /* InsertAndRemoveViewWithTransition.swift in Sources */ = {isa = PBXBuildFile; fileRef = 0478402825DC804D00CBF92B /* InsertAndRemoveViewWithTransition.swift */; };
		0478402C25DCA28B00CBF92B /* SandBox.swift in Sources */ = {isa = PBXBuildFile; fileRef = 0478402B25DCA28B00CBF92B /* SandBox.swift */; };
		047C4BB025DCABE3006C7A77 /* ShowPopUp.swift in Sources */ = {isa = PBXBuildFile; fileRef = 047C4BAF25DCABE3006C7A77 /* ShowPopUp.swift */; };
		04EA98BB25CA773900A00C65 /* InsertAndRemoveTab.swift in Sources */ = {isa = PBXBuildFile; fileRef = 04EA98BA25CA773900A00C65 /* InsertAndRemoveTab.swift */; };
/* End PBXBuildFile section */

/* Begin PBXFileReference section */
		0400C70125DCAE2B00D234EE /* PassGenericViewContent.swift */ = {isa = PBXFileReference; lastKnownFileType = sourcecode.swift; path = PassGenericViewContent.swift; sourceTree = "<group>"; };
		0418F63825D4EDB800B40FAB /* DisableTab.swift */ = {isa = PBXFileReference; lastKnownFileType = sourcecode.swift; path = DisableTab.swift; sourceTree = "<group>"; };
		041CB97025C8CE6800111090 /* HowToSwiftUI.app */ = {isa = PBXFileReference; explicitFileType = wrapper.application; includeInIndex = 0; path = HowToSwiftUI.app; sourceTree = BUILT_PRODUCTS_DIR; };
		041CB97325C8CE6800111090 /* HowToSwiftUIApp.swift */ = {isa = PBXFileReference; lastKnownFileType = sourcecode.swift; path = HowToSwiftUIApp.swift; sourceTree = "<group>"; };
		041CB97525C8CE6800111090 /* ContentView.swift */ = {isa = PBXFileReference; lastKnownFileType = sourcecode.swift; path = ContentView.swift; sourceTree = "<group>"; };
		041CB97725C8CE6A00111090 /* Assets.xcassets */ = {isa = PBXFileReference; lastKnownFileType = folder.assetcatalog; path = Assets.xcassets; sourceTree = "<group>"; };
		041CB97A25C8CE6A00111090 /* Preview Assets.xcassets */ = {isa = PBXFileReference; lastKnownFileType = folder.assetcatalog; path = "Preview Assets.xcassets"; sourceTree = "<group>"; };
		041CB97C25C8CE6A00111090 /* Info.plist */ = {isa = PBXFileReference; lastKnownFileType = text.plist.xml; path = Info.plist; sourceTree = "<group>"; };
		041CB98325C8CFB600111090 /* HideNavigationBar.swift */ = {isa = PBXFileReference; lastKnownFileType = sourcecode.swift; path = HideNavigationBar.swift; sourceTree = "<group>"; };
		041CB98625C8D20700111090 /* UseSheet.swift */ = {isa = PBXFileReference; lastKnownFileType = sourcecode.swift; path = UseSheet.swift; sourceTree = "<group>"; };
		041CB98A25C8D83300111090 /* CenterTextFieldPlaceholderText.swift */ = {isa = PBXFileReference; lastKnownFileType = sourcecode.swift; path = CenterTextFieldPlaceholderText.swift; sourceTree = "<group>"; };
		041ECC7B25CE1EB600A37F49 /* SecureToggleTextField.swift */ = {isa = PBXFileReference; lastKnownFileType = sourcecode.swift; path = SecureToggleTextField.swift; sourceTree = "<group>"; };
		0478402825DC804D00CBF92B /* InsertAndRemoveViewWithTransition.swift */ = {isa = PBXFileReference; lastKnownFileType = sourcecode.swift; path = InsertAndRemoveViewWithTransition.swift; sourceTree = "<group>"; };
		0478402B25DCA28B00CBF92B /* SandBox.swift */ = {isa = PBXFileReference; lastKnownFileType = sourcecode.swift; path = SandBox.swift; sourceTree = "<group>"; };
		047C4BAF25DCABE3006C7A77 /* ShowPopUp.swift */ = {isa = PBXFileReference; lastKnownFileType = sourcecode.swift; path = ShowPopUp.swift; sourceTree = "<group>"; };
		04EA98BA25CA773900A00C65 /* InsertAndRemoveTab.swift */ = {isa = PBXFileReference; lastKnownFileType = sourcecode.swift; path = InsertAndRemoveTab.swift; sourceTree = "<group>"; };
/* End PBXFileReference section */

/* Begin PBXFrameworksBuildPhase section */
		041CB96D25C8CE6800111090 /* Frameworks */ = {
			isa = PBXFrameworksBuildPhase;
			buildActionMask = 2147483647;
			files = (
				041ECC8725CE45E300A37F49 /* SwiftUIComponents in Frameworks */,
				041ECC8025CE1F1000A37F49 /* Introspect in Frameworks */,
			);
			runOnlyForDeploymentPostprocessing = 0;
		};
/* End PBXFrameworksBuildPhase section */

/* Begin PBXGroup section */
		0418F63B25D4EE7800B40FAB /* How to's */ = {
			isa = PBXGroup;
			children = (
				047C4BAF25DCABE3006C7A77 /* ShowPopUp.swift */,
				041CB98A25C8D83300111090 /* CenterTextFieldPlaceholderText.swift */,
				0478402825DC804D00CBF92B /* InsertAndRemoveViewWithTransition.swift */,
				041ECC7B25CE1EB600A37F49 /* SecureToggleTextField.swift */,
				041CB98625C8D20700111090 /* UseSheet.swift */,
				041CB98325C8CFB600111090 /* HideNavigationBar.swift */,
				04EA98BA25CA773900A00C65 /* InsertAndRemoveTab.swift */,
				0418F63825D4EDB800B40FAB /* DisableTab.swift */,
				0400C70125DCAE2B00D234EE /* PassGenericViewContent.swift */,
			);
			path = "How to's";
			sourceTree = "<group>";
		};
		041CB96725C8CE6800111090 = {
			isa = PBXGroup;
			children = (
				041CB97225C8CE6800111090 /* HowToSwiftUI */,
				041CB97125C8CE6800111090 /* Products */,
			);
			sourceTree = "<group>";
		};
		041CB97125C8CE6800111090 /* Products */ = {
			isa = PBXGroup;
			children = (
				041CB97025C8CE6800111090 /* HowToSwiftUI.app */,
			);
			name = Products;
			sourceTree = "<group>";
		};
		041CB97225C8CE6800111090 /* HowToSwiftUI */ = {
			isa = PBXGroup;
			children = (
				041CB97325C8CE6800111090 /* HowToSwiftUIApp.swift */,
				041CB97525C8CE6800111090 /* ContentView.swift */,
				0478402B25DCA28B00CBF92B /* SandBox.swift */,
				0418F63B25D4EE7800B40FAB /* How to's */,
				041CB97725C8CE6A00111090 /* Assets.xcassets */,
				041CB97C25C8CE6A00111090 /* Info.plist */,
				041CB97925C8CE6A00111090 /* Preview Content */,
			);
			path = HowToSwiftUI;
			sourceTree = "<group>";
		};
		041CB97925C8CE6A00111090 /* Preview Content */ = {
			isa = PBXGroup;
			children = (
				041CB97A25C8CE6A00111090 /* Preview Assets.xcassets */,
			);
			path = "Preview Content";
			sourceTree = "<group>";
		};
/* End PBXGroup section */

/* Begin PBXNativeTarget section */
		041CB96F25C8CE6800111090 /* HowToSwiftUI */ = {
			isa = PBXNativeTarget;
			buildConfigurationList = 041CB97F25C8CE6A00111090 /* Build configuration list for PBXNativeTarget "HowToSwiftUI" */;
			buildPhases = (
				041CB96C25C8CE6800111090 /* Sources */,
				041CB96D25C8CE6800111090 /* Frameworks */,
				041CB96E25C8CE6800111090 /* Resources */,
			);
			buildRules = (
			);
			dependencies = (
			);
			name = HowToSwiftUI;
			packageProductDependencies = (
				041ECC7F25CE1F1000A37F49 /* Introspect */,
				041ECC8625CE45E300A37F49 /* SwiftUIComponents */,
			);
			productName = HowToSwiftUI;
			productReference = 041CB97025C8CE6800111090 /* HowToSwiftUI.app */;
			productType = "com.apple.product-type.application";
		};
/* End PBXNativeTarget section */

/* Begin PBXProject section */
		041CB96825C8CE6800111090 /* Project object */ = {
			isa = PBXProject;
			attributes = {
				LastSwiftUpdateCheck = 1240;
				LastUpgradeCheck = 1240;
				TargetAttributes = {
					041CB96F25C8CE6800111090 = {
						CreatedOnToolsVersion = 12.4;
					};
				};
			};
			buildConfigurationList = 041CB96B25C8CE6800111090 /* Build configuration list for PBXProject "HowToSwiftUI" */;
			compatibilityVersion = "Xcode 9.3";
			developmentRegion = en;
			hasScannedForEncodings = 0;
			knownRegions = (
				en,
				Base,
			);
			mainGroup = 041CB96725C8CE6800111090;
			packageReferences = (
				041ECC7E25CE1F1000A37F49 /* XCRemoteSwiftPackageReference "SwiftUI-Introspect" */,
				041ECC8525CE45E300A37F49 /* XCRemoteSwiftPackageReference "SwiftUIComponents" */,
			);
			productRefGroup = 041CB97125C8CE6800111090 /* Products */;
			projectDirPath = "";
			projectRoot = "";
			targets = (
				041CB96F25C8CE6800111090 /* HowToSwiftUI */,
			);
		};
/* End PBXProject section */

/* Begin PBXResourcesBuildPhase section */
		041CB96E25C8CE6800111090 /* Resources */ = {
			isa = PBXResourcesBuildPhase;
			buildActionMask = 2147483647;
			files = (
				041CB97B25C8CE6A00111090 /* Preview Assets.xcassets in Resources */,
				041CB97825C8CE6A00111090 /* Assets.xcassets in Resources */,
			);
			runOnlyForDeploymentPostprocessing = 0;
		};
/* End PBXResourcesBuildPhase section */

/* Begin PBXSourcesBuildPhase section */
		041CB96C25C8CE6800111090 /* Sources */ = {
			isa = PBXSourcesBuildPhase;
			buildActionMask = 2147483647;
			files = (
				04EA98BB25CA773900A00C65 /* InsertAndRemoveTab.swift in Sources */,
				041CB98B25C8D83300111090 /* CenterTextFieldPlaceholderText.swift in Sources */,
				041CB97625C8CE6800111090 /* ContentView.swift in Sources */,
				041CB98725C8D20700111090 /* UseSheet.swift in Sources */,
				047C4BB025DCABE3006C7A77 /* ShowPopUp.swift in Sources */,
				0478402925DC804D00CBF92B /* InsertAndRemoveViewWithTransition.swift in Sources */,
				041CB97425C8CE6800111090 /* HowToSwiftUIApp.swift in Sources */,
				041CB98425C8CFB600111090 /* HideNavigationBar.swift in Sources */,
				0478402C25DCA28B00CBF92B /* SandBox.swift in Sources */,
				0418F63925D4EDB800B40FAB /* DisableTab.swift in Sources */,
				0400C70225DCAE2B00D234EE /* PassGenericViewContent.swift in Sources */,
				041ECC7C25CE1EB600A37F49 /* SecureToggleTextField.swift in Sources */,
			);
			runOnlyForDeploymentPostprocessing = 0;
		};
/* End PBXSourcesBuildPhase section */

/* Begin XCBuildConfiguration section */
		041CB97D25C8CE6A00111090 /* Debug */ = {
			isa = XCBuildConfiguration;
			buildSettings = {
				ALWAYS_SEARCH_USER_PATHS = NO;
				CLANG_ANALYZER_NONNULL = YES;
				CLANG_ANALYZER_NUMBER_OBJECT_CONVERSION = YES_AGGRESSIVE;
				CLANG_CXX_LANGUAGE_STANDARD = "gnu++14";
				CLANG_CXX_LIBRARY = "libc++";
				CLANG_ENABLE_MODULES = YES;
				CLANG_ENABLE_OBJC_ARC = YES;
				CLANG_ENABLE_OBJC_WEAK = YES;
				CLANG_WARN_BLOCK_CAPTURE_AUTORELEASING = YES;
				CLANG_WARN_BOOL_CONVERSION = YES;
				CLANG_WARN_COMMA = YES;
				CLANG_WARN_CONSTANT_CONVERSION = YES;
				CLANG_WARN_DEPRECATED_OBJC_IMPLEMENTATIONS = YES;
				CLANG_WARN_DIRECT_OBJC_ISA_USAGE = YES_ERROR;
				CLANG_WARN_DOCUMENTATION_COMMENTS = YES;
				CLANG_WARN_EMPTY_BODY = YES;
				CLANG_WARN_ENUM_CONVERSION = YES;
				CLANG_WARN_INFINITE_RECURSION = YES;
				CLANG_WARN_INT_CONVERSION = YES;
				CLANG_WARN_NON_LITERAL_NULL_CONVERSION = YES;
				CLANG_WARN_OBJC_IMPLICIT_RETAIN_SELF = YES;
				CLANG_WARN_OBJC_LITERAL_CONVERSION = YES;
				CLANG_WARN_OBJC_ROOT_CLASS = YES_ERROR;
				CLANG_WARN_QUOTED_INCLUDE_IN_FRAMEWORK_HEADER = YES;
				CLANG_WARN_RANGE_LOOP_ANALYSIS = YES;
				CLANG_WARN_STRICT_PROTOTYPES = YES;
				CLANG_WARN_SUSPICIOUS_MOVE = YES;
				CLANG_WARN_UNGUARDED_AVAILABILITY = YES_AGGRESSIVE;
				CLANG_WARN_UNREACHABLE_CODE = YES;
				CLANG_WARN__DUPLICATE_METHOD_MATCH = YES;
				COPY_PHASE_STRIP = NO;
				DEBUG_INFORMATION_FORMAT = dwarf;
				ENABLE_STRICT_OBJC_MSGSEND = YES;
				ENABLE_TESTABILITY = YES;
				GCC_C_LANGUAGE_STANDARD = gnu11;
				GCC_DYNAMIC_NO_PIC = NO;
				GCC_NO_COMMON_BLOCKS = YES;
				GCC_OPTIMIZATION_LEVEL = 0;
				GCC_PREPROCESSOR_DEFINITIONS = (
					"DEBUG=1",
					"$(inherited)",
				);
				GCC_WARN_64_TO_32_BIT_CONVERSION = YES;
				GCC_WARN_ABOUT_RETURN_TYPE = YES_ERROR;
				GCC_WARN_UNDECLARED_SELECTOR = YES;
				GCC_WARN_UNINITIALIZED_AUTOS = YES_AGGRESSIVE;
				GCC_WARN_UNUSED_FUNCTION = YES;
				GCC_WARN_UNUSED_VARIABLE = YES;
				IPHONEOS_DEPLOYMENT_TARGET = 14.4;
				MTL_ENABLE_DEBUG_INFO = INCLUDE_SOURCE;
				MTL_FAST_MATH = YES;
				ONLY_ACTIVE_ARCH = YES;
				SDKROOT = iphoneos;
				SWIFT_ACTIVE_COMPILATION_CONDITIONS = DEBUG;
				SWIFT_OPTIMIZATION_LEVEL = "-Onone";
			};
			name = Debug;
		};
		041CB97E25C8CE6A00111090 /* Release */ = {
			isa = XCBuildConfiguration;
			buildSettings = {
				ALWAYS_SEARCH_USER_PATHS = NO;
				CLANG_ANALYZER_NONNULL = YES;
				CLANG_ANALYZER_NUMBER_OBJECT_CONVERSION = YES_AGGRESSIVE;
				CLANG_CXX_LANGUAGE_STANDARD = "gnu++14";
				CLANG_CXX_LIBRARY = "libc++";
				CLANG_ENABLE_MODULES = YES;
				CLANG_ENABLE_OBJC_ARC = YES;
				CLANG_ENABLE_OBJC_WEAK = YES;
				CLANG_WARN_BLOCK_CAPTURE_AUTORELEASING = YES;
				CLANG_WARN_BOOL_CONVERSION = YES;
				CLANG_WARN_COMMA = YES;
				CLANG_WARN_CONSTANT_CONVERSION = YES;
				CLANG_WARN_DEPRECATED_OBJC_IMPLEMENTATIONS = YES;
				CLANG_WARN_DIRECT_OBJC_ISA_USAGE = YES_ERROR;
				CLANG_WARN_DOCUMENTATION_COMMENTS = YES;
				CLANG_WARN_EMPTY_BODY = YES;
				CLANG_WARN_ENUM_CONVERSION = YES;
				CLANG_WARN_INFINITE_RECURSION = YES;
				CLANG_WARN_INT_CONVERSION = YES;
				CLANG_WARN_NON_LITERAL_NULL_CONVERSION = YES;
				CLANG_WARN_OBJC_IMPLICIT_RETAIN_SELF = YES;
				CLANG_WARN_OBJC_LITERAL_CONVERSION = YES;
				CLANG_WARN_OBJC_ROOT_CLASS = YES_ERROR;
				CLANG_WARN_QUOTED_INCLUDE_IN_FRAMEWORK_HEADER = YES;
				CLANG_WARN_RANGE_LOOP_ANALYSIS = YES;
				CLANG_WARN_STRICT_PROTOTYPES = YES;
				CLANG_WARN_SUSPICIOUS_MOVE = YES;
				CLANG_WARN_UNGUARDED_AVAILABILITY = YES_AGGRESSIVE;
				CLANG_WARN_UNREACHABLE_CODE = YES;
				CLANG_WARN__DUPLICATE_METHOD_MATCH = YES;
				COPY_PHASE_STRIP = NO;
				DEBUG_INFORMATION_FORMAT = "dwarf-with-dsym";
				ENABLE_NS_ASSERTIONS = NO;
				ENABLE_STRICT_OBJC_MSGSEND = YES;
				GCC_C_LANGUAGE_STANDARD = gnu11;
				GCC_NO_COMMON_BLOCKS = YES;
				GCC_WARN_64_TO_32_BIT_CONVERSION = YES;
				GCC_WARN_ABOUT_RETURN_TYPE = YES_ERROR;
				GCC_WARN_UNDECLARED_SELECTOR = YES;
				GCC_WARN_UNINITIALIZED_AUTOS = YES_AGGRESSIVE;
				GCC_WARN_UNUSED_FUNCTION = YES;
				GCC_WARN_UNUSED_VARIABLE = YES;
				IPHONEOS_DEPLOYMENT_TARGET = 14.4;
				MTL_ENABLE_DEBUG_INFO = NO;
				MTL_FAST_MATH = YES;
				SDKROOT = iphoneos;
				SWIFT_COMPILATION_MODE = wholemodule;
				SWIFT_OPTIMIZATION_LEVEL = "-O";
				VALIDATE_PRODUCT = YES;
			};
			name = Release;
		};
		041CB98025C8CE6A00111090 /* Debug */ = {
			isa = XCBuildConfiguration;
			buildSettings = {
				ASSETCATALOG_COMPILER_APPICON_NAME = AppIcon;
				ASSETCATALOG_COMPILER_GLOBAL_ACCENT_COLOR_NAME = AccentColor;
				CODE_SIGN_STYLE = Automatic;
				DEVELOPMENT_ASSET_PATHS = "\"HowToSwiftUI/Preview Content\"";
				DEVELOPMENT_TEAM = G7882XEDUN;
				ENABLE_PREVIEWS = YES;
				INFOPLIST_FILE = HowToSwiftUI/Info.plist;
				IPHONEOS_DEPLOYMENT_TARGET = 14.0;
				LD_RUNPATH_SEARCH_PATHS = (
					"$(inherited)",
					"@executable_path/Frameworks",
				);
				PRODUCT_BUNDLE_IDENTIFIER = com.pragcore.howtoswiftui.HowToSwiftUI;
				PRODUCT_NAME = "$(TARGET_NAME)";
				SWIFT_VERSION = 5.0;
				TARGETED_DEVICE_FAMILY = "1,2";
			};
			name = Debug;
		};
		041CB98125C8CE6A00111090 /* Release */ = {
			isa = XCBuildConfiguration;
			buildSettings = {
				ASSETCATALOG_COMPILER_APPICON_NAME = AppIcon;
				ASSETCATALOG_COMPILER_GLOBAL_ACCENT_COLOR_NAME = AccentColor;
				CODE_SIGN_STYLE = Automatic;
				DEVELOPMENT_ASSET_PATHS = "\"HowToSwiftUI/Preview Content\"";
				DEVELOPMENT_TEAM = G7882XEDUN;
				ENABLE_PREVIEWS = YES;
				INFOPLIST_FILE = HowToSwiftUI/Info.plist;
				IPHONEOS_DEPLOYMENT_TARGET = 14.0;
				LD_RUNPATH_SEARCH_PATHS = (
					"$(inherited)",
					"@executable_path/Frameworks",
				);
				PRODUCT_BUNDLE_IDENTIFIER = com.pragcore.howtoswiftui.HowToSwiftUI;
				PRODUCT_NAME = "$(TARGET_NAME)";
				SWIFT_VERSION = 5.0;
				TARGETED_DEVICE_FAMILY = "1,2";
			};
			name = Release;
		};
/* End XCBuildConfiguration section */

/* Begin XCConfigurationList section */
		041CB96B25C8CE6800111090 /* Build configuration list for PBXProject "HowToSwiftUI" */ = {
			isa = XCConfigurationList;
			buildConfigurations = (
				041CB97D25C8CE6A00111090 /* Debug */,
				041CB97E25C8CE6A00111090 /* Release */,
			);
			defaultConfigurationIsVisible = 0;
			defaultConfigurationName = Release;
		};
		041CB97F25C8CE6A00111090 /* Build configuration list for PBXNativeTarget "HowToSwiftUI" */ = {
			isa = XCConfigurationList;
			buildConfigurations = (
				041CB98025C8CE6A00111090 /* Debug */,
				041CB98125C8CE6A00111090 /* Release */,
			);
			defaultConfigurationIsVisible = 0;
			defaultConfigurationName = Release;
		};
/* End XCConfigurationList section */

/* Begin XCRemoteSwiftPackageReference section */
		041ECC7E25CE1F1000A37F49 /* XCRemoteSwiftPackageReference "SwiftUI-Introspect" */ = {
			isa = XCRemoteSwiftPackageReference;
			repositoryURL = "https://github.com/siteline/SwiftUI-Introspect";
			requirement = {
				kind = upToNextMajorVersion;
				minimumVersion = 0.1.2;
			};
		};
		041ECC8525CE45E300A37F49 /* XCRemoteSwiftPackageReference "SwiftUIComponents" */ = {
			isa = XCRemoteSwiftPackageReference;
			repositoryURL = "https://github.com/moyoteg/SwiftUIComponents";
			requirement = {
				branch = main;
				kind = branch;
			};
		};
/* End XCRemoteSwiftPackageReference section */

/* Begin XCSwiftPackageProductDependency section */
		041ECC7F25CE1F1000A37F49 /* Introspect */ = {
			isa = XCSwiftPackageProductDependency;
			package = 041ECC7E25CE1F1000A37F49 /* XCRemoteSwiftPackageReference "SwiftUI-Introspect" */;
			productName = Introspect;
		};
		041ECC8625CE45E300A37F49 /* SwiftUIComponents */ = {
			isa = XCSwiftPackageProductDependency;
			package = 041ECC8525CE45E300A37F49 /* XCRemoteSwiftPackageReference "SwiftUIComponents" */;
			productName = SwiftUIComponents;
		};
/* End XCSwiftPackageProductDependency section */
	};
	rootObject = 041CB96825C8CE6800111090 /* Project object */;
}
