// !$*UTF8*$!
{
	archiveVersion = 1;
	classes = {
	};
	objectVersion = 52;
	objects = {

/* Begin PBXBuildFile section */
		0400C70225DCAE2B00D234EE /* PassGenericViewContent.swift in Sources */ = {isa = PBXBuildFile; fileRef = 0400C70125DCAE2B00D234EE /* PassGenericViewContent.swift */; };
		0400C70C25DCEF6400D234EE /* rotate3DEffect.swift in Sources */ = {isa = PBXBuildFile; fileRef = 0400C70B25DCEF6400D234EE /* rotate3DEffect.swift */; };
		0400C70F25DF091100D234EE /* ScrollRotatingCards.swift in Sources */ = {isa = PBXBuildFile; fileRef = 0400C70E25DF091100D234EE /* ScrollRotatingCards.swift */; };
		040CF5BC2889085D00170D51 /* DrawBorderAroundRoundedRectangle.swift in Sources */ = {isa = PBXBuildFile; fileRef = 040CF5BB2889085C00170D51 /* DrawBorderAroundRoundedRectangle.swift */; };
		0418F63925D4EDB800B40FAB /* DisableTab.swift in Sources */ = {isa = PBXBuildFile; fileRef = 0418F63825D4EDB800B40FAB /* DisableTab.swift */; };
		041CB97425C8CE6800111090 /* HowToSwiftUIApp.swift in Sources */ = {isa = PBXBuildFile; fileRef = 041CB97325C8CE6800111090 /* HowToSwiftUIApp.swift */; };
		041CB97625C8CE6800111090 /* ContentView.swift in Sources */ = {isa = PBXBuildFile; fileRef = 041CB97525C8CE6800111090 /* ContentView.swift */; };
		041CB97825C8CE6A00111090 /* Assets.xcassets in Resources */ = {isa = PBXBuildFile; fileRef = 041CB97725C8CE6A00111090 /* Assets.xcassets */; };
		041CB97B25C8CE6A00111090 /* Preview Assets.xcassets in Resources */ = {isa = PBXBuildFile; fileRef = 041CB97A25C8CE6A00111090 /* Preview Assets.xcassets */; };
		041CB98425C8CFB600111090 /* HideNavigationBar.swift in Sources */ = {isa = PBXBuildFile; fileRef = 041CB98325C8CFB600111090 /* HideNavigationBar.swift */; };
		041CB98725C8D20700111090 /* UseSheet.swift in Sources */ = {isa = PBXBuildFile; fileRef = 041CB98625C8D20700111090 /* UseSheet.swift */; };
		041CB98B25C8D83300111090 /* CenterTextFieldPlaceholderText.swift in Sources */ = {isa = PBXBuildFile; fileRef = 041CB98A25C8D83300111090 /* CenterTextFieldPlaceholderText.swift */; };
		041DF01925DF54FE0029ECE5 /* ReflectView.swift in Sources */ = {isa = PBXBuildFile; fileRef = 041DF01825DF54FE0029ECE5 /* ReflectView.swift */; };
		041ECC7C25CE1EB600A37F49 /* SecureToggleTextField.swift in Sources */ = {isa = PBXBuildFile; fileRef = 041ECC7B25CE1EB600A37F49 /* SecureToggleTextField.swift */; };
		041ECC8025CE1F1000A37F49 /* Introspect in Frameworks */ = {isa = PBXBuildFile; productRef = 041ECC7F25CE1F1000A37F49 /* Introspect */; };
		041ECC8725CE45E300A37F49 /* SwiftUIComponents in Frameworks */ = {isa = PBXBuildFile; productRef = 041ECC8625CE45E300A37F49 /* SwiftUIComponents */; };
		0422E15725DFA9DC0017ABCF /* SwiftUIComponents in Frameworks */ = {isa = PBXBuildFile; productRef = 0422E15625DFA9DC0017ABCF /* SwiftUIComponents */; };
		0422E16E25DFB1F10017ABCF /* UseButton.swift in Sources */ = {isa = PBXBuildFile; fileRef = 0422E16D25DFB1F10017ABCF /* UseButton.swift */; };
		0422E17625E02C400017ABCF /* ChangeBackground.swift in Sources */ = {isa = PBXBuildFile; fileRef = 0422E17525E02C400017ABCF /* ChangeBackground.swift */; };
		0438856B2870F67800323FF3 /* ShowCharts.swift in Sources */ = {isa = PBXBuildFile; fileRef = 0438856A2870F67800323FF3 /* ShowCharts.swift */; };
		0438856D28710D1600323FF3 /* ExternalAccessory.framework in Frameworks */ = {isa = PBXBuildFile; fileRef = 0438856C28710D1600323FF3 /* ExternalAccessory.framework */; };
		043976FA26867F8200B975E5 /* UseLazyGrid.swift in Sources */ = {isa = PBXBuildFile; fileRef = 043976F926867F8200B975E5 /* UseLazyGrid.swift */; };
		04397703268D3E7200B975E5 /* UseImageAsViewBackground.swift in Sources */ = {isa = PBXBuildFile; fileRef = 04397702268D3E7200B975E5 /* UseImageAsViewBackground.swift */; };
		0442FCCD25E59D13000D7283 /* README.md in Resources */ = {isa = PBXBuildFile; fileRef = 0442FCCC25E59D13000D7283 /* README.md */; };
		0445D40225E8224A0060AD02 /* CurlPage.swift in Sources */ = {isa = PBXBuildFile; fileRef = 0445D40125E8224A0060AD02 /* CurlPage.swift */; };
		044AE891273340150058240B /* SizePDFImage.swift in Sources */ = {isa = PBXBuildFile; fileRef = 044AE890273340150058240B /* SizePDFImage.swift */; };
		0453E24B25E6C8D100B70A4E /* Assets.xcassets in Resources */ = {isa = PBXBuildFile; fileRef = 041CB97725C8CE6A00111090 /* Assets.xcassets */; };
		0453E25125E6C8D200B70A4E /* Assets.xcassets in Resources */ = {isa = PBXBuildFile; fileRef = 041CB97725C8CE6A00111090 /* Assets.xcassets */; };
		0453E25725E6C8D300B70A4E /* Assets.xcassets in Resources */ = {isa = PBXBuildFile; fileRef = 041CB97725C8CE6A00111090 /* Assets.xcassets */; };
		045D7F1625DF9E2400150123 /* watchos WatchKit App.app in Embed Watch Content */ = {isa = PBXBuildFile; fileRef = 045D7F1525DF9E2400150123 /* watchos WatchKit App.app */; settings = {ATTRIBUTES = (RemoveHeadersOnCopy, ); }; };
		045D7F2225DF9E2500150123 /* watchos WatchKit Extension.appex in Embed App Extensions */ = {isa = PBXBuildFile; fileRef = 045D7F2125DF9E2500150123 /* watchos WatchKit Extension.appex */; settings = {ATTRIBUTES = (RemoveHeadersOnCopy, ); }; };
		045D7F2725DF9E2500150123 /* HowToSwiftUIApp.swift in Sources */ = {isa = PBXBuildFile; fileRef = 045D7F2625DF9E2500150123 /* HowToSwiftUIApp.swift */; };
		045D7F2925DF9E2500150123 /* ContentView.swift in Sources */ = {isa = PBXBuildFile; fileRef = 045D7F2825DF9E2500150123 /* ContentView.swift */; };
		045D7F2B25DF9E2500150123 /* NotificationController.swift in Sources */ = {isa = PBXBuildFile; fileRef = 045D7F2A25DF9E2500150123 /* NotificationController.swift */; };
		045D7F2D25DF9E2500150123 /* NotificationView.swift in Sources */ = {isa = PBXBuildFile; fileRef = 045D7F2C25DF9E2500150123 /* NotificationView.swift */; };
		045D7F2F25DF9E2500150123 /* ComplicationController.swift in Sources */ = {isa = PBXBuildFile; fileRef = 045D7F2E25DF9E2500150123 /* ComplicationController.swift */; };
		045D7F3425DF9E2600150123 /* Preview Assets.xcassets in Resources */ = {isa = PBXBuildFile; fileRef = 045D7F3325DF9E2600150123 /* Preview Assets.xcassets */; };
		045D7F7725DFA03900150123 /* HowTo.swift in Sources */ = {isa = PBXBuildFile; fileRef = 045D7F7625DFA03900150123 /* HowTo.swift */; };
		045D7F7E25DFA04400150123 /* HowTo.swift in Sources */ = {isa = PBXBuildFile; fileRef = 045D7F7625DFA03900150123 /* HowTo.swift */; };
		04600BD726CD7F840023CC91 /* CopyText.swift in Sources */ = {isa = PBXBuildFile; fileRef = 04600BD626CD7F840023CC91 /* CopyText.swift */; };
		046BC0CB269D12FC00B044A8 /* ShowMapAnnotations.swift in Sources */ = {isa = PBXBuildFile; fileRef = 046BC0CA269D12FC00B044A8 /* ShowMapAnnotations.swift */; };
		0478402925DC804D00CBF92B /* InsertAndRemoveViewWithTransition.swift in Sources */ = {isa = PBXBuildFile; fileRef = 0478402825DC804D00CBF92B /* InsertAndRemoveViewWithTransition.swift */; };
		0478402C25DCA28B00CBF92B /* SandBox.swift in Sources */ = {isa = PBXBuildFile; fileRef = 0478402B25DCA28B00CBF92B /* SandBox.swift */; };
		047C4BB025DCABE3006C7A77 /* ShowPopUp.swift in Sources */ = {isa = PBXBuildFile; fileRef = 047C4BAF25DCABE3006C7A77 /* ShowPopUp.swift */; };
		047F55C925E6DDF30051B567 /* Assets.xcassets in Resources */ = {isa = PBXBuildFile; fileRef = 047F55C825E6DDF30051B567 /* Assets.xcassets */; };
		049B8C1D27E01E25003E27FD /* ViewHTML.swift in Sources */ = {isa = PBXBuildFile; fileRef = 049B8C1C27E01E25003E27FD /* ViewHTML.swift */; };
		049CD91E25E61BB500482E7F /* tvOSApp.swift in Sources */ = {isa = PBXBuildFile; fileRef = 049CD91D25E61BB500482E7F /* tvOSApp.swift */; };
		049CD92025E61BB500482E7F /* ContentView.swift in Sources */ = {isa = PBXBuildFile; fileRef = 049CD91F25E61BB500482E7F /* ContentView.swift */; };
		049CD92525E61BB600482E7F /* Preview Assets.xcassets in Resources */ = {isa = PBXBuildFile; fileRef = 049CD92425E61BB600482E7F /* Preview Assets.xcassets */; };
		049CD96225E61C1F00482E7F /* HowTo.swift in Sources */ = {isa = PBXBuildFile; fileRef = 045D7F7625DFA03900150123 /* HowTo.swift */; };
		049CD96925E61C8D00482E7F /* SwiftUIComponents in Frameworks */ = {isa = PBXBuildFile; productRef = 049CD96825E61C8D00482E7F /* SwiftUIComponents */; settings = {ATTRIBUTES = (Required, ); }; };
		049CD96B25E61C9000482E7F /* Introspect in Frameworks */ = {isa = PBXBuildFile; productRef = 049CD96A25E61C9000482E7F /* Introspect */; };
		049CD98625E61F3D00482E7F /* SandBox.swift in Sources */ = {isa = PBXBuildFile; fileRef = 0478402B25DCA28B00CBF92B /* SandBox.swift */; };
		049CD98C25E62CF000482E7F /* UseSheet.swift in Sources */ = {isa = PBXBuildFile; fileRef = 041CB98625C8D20700111090 /* UseSheet.swift */; };
		049CD99225E62D2600482E7F /* ReflectView.swift in Sources */ = {isa = PBXBuildFile; fileRef = 041DF01825DF54FE0029ECE5 /* ReflectView.swift */; };
		049CD99825E62D2900482E7F /* ScrollRotatingCards.swift in Sources */ = {isa = PBXBuildFile; fileRef = 0400C70E25DF091100D234EE /* ScrollRotatingCards.swift */; };
		049CD99E25E62D2D00482E7F /* ShowPopUp.swift in Sources */ = {isa = PBXBuildFile; fileRef = 047C4BAF25DCABE3006C7A77 /* ShowPopUp.swift */; };
		049CD9A425E62D2F00482E7F /* rotate3DEffect.swift in Sources */ = {isa = PBXBuildFile; fileRef = 0400C70B25DCEF6400D234EE /* rotate3DEffect.swift */; };
		049CD9AA25E62D3200482E7F /* CenterTextFieldPlaceholderText.swift in Sources */ = {isa = PBXBuildFile; fileRef = 041CB98A25C8D83300111090 /* CenterTextFieldPlaceholderText.swift */; };
		049CD9B025E62D3600482E7F /* InsertAndRemoveViewWithTransition.swift in Sources */ = {isa = PBXBuildFile; fileRef = 0478402825DC804D00CBF92B /* InsertAndRemoveViewWithTransition.swift */; };
		049CD9B625E62D3900482E7F /* SecureToggleTextField.swift in Sources */ = {isa = PBXBuildFile; fileRef = 041ECC7B25CE1EB600A37F49 /* SecureToggleTextField.swift */; };
		049CD9BC25E62D3D00482E7F /* HideNavigationBar.swift in Sources */ = {isa = PBXBuildFile; fileRef = 041CB98325C8CFB600111090 /* HideNavigationBar.swift */; };
		049CD9C225E62D4100482E7F /* InsertAndRemoveTab.swift in Sources */ = {isa = PBXBuildFile; fileRef = 04EA98BA25CA773900A00C65 /* InsertAndRemoveTab.swift */; };
		049CD9C825E62D4300482E7F /* DisableTab.swift in Sources */ = {isa = PBXBuildFile; fileRef = 0418F63825D4EDB800B40FAB /* DisableTab.swift */; };
		049CD9CE25E62D4700482E7F /* PassGenericViewContent.swift in Sources */ = {isa = PBXBuildFile; fileRef = 0400C70125DCAE2B00D234EE /* PassGenericViewContent.swift */; };
		04C417EC2703DCCD00692C7A /* AddAnnotationsToMap.swift in Sources */ = {isa = PBXBuildFile; fileRef = 04C417EB2703DCCD00692C7A /* AddAnnotationsToMap.swift */; };
		04C417EE2703E47B00692C7A /* SpaceImagesProportionally.swift in Sources */ = {isa = PBXBuildFile; fileRef = 04C417ED2703E47B00692C7A /* SpaceImagesProportionally.swift */; };
		04CA86BC260D139D004C2A5C /* UseUIKitPageView.swift in Sources */ = {isa = PBXBuildFile; fileRef = 04CA86BB260D139D004C2A5C /* UseUIKitPageView.swift */; };
		04D87356269E40CB00873682 /* TrackAnnotationInMap.swift in Sources */ = {isa = PBXBuildFile; fileRef = 04D87355269E40CB00873682 /* TrackAnnotationInMap.swift */; };
		04D87358269FCF0600873682 /* HandleOptionalObservedObject.swift in Sources */ = {isa = PBXBuildFile; fileRef = 04D87357269FCF0600873682 /* HandleOptionalObservedObject.swift */; };
		04D8736026A8C52200873682 /* UpdateAnnotationLocation.swift in Sources */ = {isa = PBXBuildFile; fileRef = 04D8735F26A8C52100873682 /* UpdateAnnotationLocation.swift */; };
		04EA98BB25CA773900A00C65 /* InsertAndRemoveTab.swift in Sources */ = {isa = PBXBuildFile; fileRef = 04EA98BA25CA773900A00C65 /* InsertAndRemoveTab.swift */; };
		04EC57C02602AC9400DEA017 /* ZStackImages.swift in Sources */ = {isa = PBXBuildFile; fileRef = 04EC57BF2602AC9400DEA017 /* ZStackImages.swift */; };
		04FB23132638AB89000D2D07 /* SwiftUtilities in Frameworks */ = {isa = PBXBuildFile; productRef = 04FB23122638AB89000D2D07 /* SwiftUtilities */; };
/* End PBXBuildFile section */

/* Begin PBXContainerItemProxy section */
		045D7F1725DF9E2400150123 /* PBXContainerItemProxy */ = {
			isa = PBXContainerItemProxy;
			containerPortal = 041CB96825C8CE6800111090 /* Project object */;
			proxyType = 1;
			remoteGlobalIDString = 045D7F1425DF9E2400150123;
			remoteInfo = "watchos WatchKit App";
		};
		045D7F2325DF9E2500150123 /* PBXContainerItemProxy */ = {
			isa = PBXContainerItemProxy;
			containerPortal = 041CB96825C8CE6800111090 /* Project object */;
			proxyType = 1;
			remoteGlobalIDString = 045D7F2025DF9E2500150123;
			remoteInfo = "watchos WatchKit Extension";
		};
/* End PBXContainerItemProxy section */

/* Begin PBXCopyFilesBuildPhase section */
		045D7F3A25DF9E2600150123 /* Embed App Extensions */ = {
			isa = PBXCopyFilesBuildPhase;
			buildActionMask = 2147483647;
			dstPath = "";
			dstSubfolderSpec = 13;
			files = (
				045D7F2225DF9E2500150123 /* watchos WatchKit Extension.appex in Embed App Extensions */,
			);
			name = "Embed App Extensions";
			runOnlyForDeploymentPostprocessing = 0;
		};
		045D7F3E25DF9E2600150123 /* Embed Watch Content */ = {
			isa = PBXCopyFilesBuildPhase;
			buildActionMask = 2147483647;
			dstPath = "$(CONTENTS_FOLDER_PATH)/Watch";
			dstSubfolderSpec = 16;
			files = (
				045D7F1625DF9E2400150123 /* watchos WatchKit App.app in Embed Watch Content */,
			);
			name = "Embed Watch Content";
			runOnlyForDeploymentPostprocessing = 0;
		};
/* End PBXCopyFilesBuildPhase section */

/* Begin PBXFileReference section */
		0400C70125DCAE2B00D234EE /* PassGenericViewContent.swift */ = {isa = PBXFileReference; lastKnownFileType = sourcecode.swift; path = PassGenericViewContent.swift; sourceTree = "<group>"; };
		0400C70B25DCEF6400D234EE /* rotate3DEffect.swift */ = {isa = PBXFileReference; lastKnownFileType = sourcecode.swift; path = rotate3DEffect.swift; sourceTree = "<group>"; };
		0400C70E25DF091100D234EE /* ScrollRotatingCards.swift */ = {isa = PBXFileReference; lastKnownFileType = sourcecode.swift; path = ScrollRotatingCards.swift; sourceTree = "<group>"; };
		040CF5BB2889085C00170D51 /* DrawBorderAroundRoundedRectangle.swift */ = {isa = PBXFileReference; lastKnownFileType = sourcecode.swift; path = DrawBorderAroundRoundedRectangle.swift; sourceTree = "<group>"; };
		0418F63825D4EDB800B40FAB /* DisableTab.swift */ = {isa = PBXFileReference; lastKnownFileType = sourcecode.swift; path = DisableTab.swift; sourceTree = "<group>"; };
		041CB97025C8CE6800111090 /* HowToSwiftUI.app */ = {isa = PBXFileReference; explicitFileType = wrapper.application; includeInIndex = 0; path = HowToSwiftUI.app; sourceTree = BUILT_PRODUCTS_DIR; };
		041CB97325C8CE6800111090 /* HowToSwiftUIApp.swift */ = {isa = PBXFileReference; lastKnownFileType = sourcecode.swift; path = HowToSwiftUIApp.swift; sourceTree = "<group>"; };
		041CB97525C8CE6800111090 /* ContentView.swift */ = {isa = PBXFileReference; lastKnownFileType = sourcecode.swift; path = ContentView.swift; sourceTree = "<group>"; };
		041CB97725C8CE6A00111090 /* Assets.xcassets */ = {isa = PBXFileReference; lastKnownFileType = folder.assetcatalog; path = Assets.xcassets; sourceTree = "<group>"; };
		041CB97A25C8CE6A00111090 /* Preview Assets.xcassets */ = {isa = PBXFileReference; lastKnownFileType = folder.assetcatalog; path = "Preview Assets.xcassets"; sourceTree = "<group>"; };
		041CB97C25C8CE6A00111090 /* Info.plist */ = {isa = PBXFileReference; lastKnownFileType = text.plist.xml; path = Info.plist; sourceTree = "<group>"; };
		041CB98325C8CFB600111090 /* HideNavigationBar.swift */ = {isa = PBXFileReference; lastKnownFileType = sourcecode.swift; path = HideNavigationBar.swift; sourceTree = "<group>"; };
		041CB98625C8D20700111090 /* UseSheet.swift */ = {isa = PBXFileReference; lastKnownFileType = sourcecode.swift; path = UseSheet.swift; sourceTree = "<group>"; };
		041CB98A25C8D83300111090 /* CenterTextFieldPlaceholderText.swift */ = {isa = PBXFileReference; lastKnownFileType = sourcecode.swift; path = CenterTextFieldPlaceholderText.swift; sourceTree = "<group>"; };
		041DF01825DF54FE0029ECE5 /* ReflectView.swift */ = {isa = PBXFileReference; lastKnownFileType = sourcecode.swift; path = ReflectView.swift; sourceTree = "<group>"; };
		041ECC7B25CE1EB600A37F49 /* SecureToggleTextField.swift */ = {isa = PBXFileReference; lastKnownFileType = sourcecode.swift; path = SecureToggleTextField.swift; sourceTree = "<group>"; };
		0422E16D25DFB1F10017ABCF /* UseButton.swift */ = {isa = PBXFileReference; lastKnownFileType = sourcecode.swift; path = UseButton.swift; sourceTree = "<group>"; };
		0422E17525E02C400017ABCF /* ChangeBackground.swift */ = {isa = PBXFileReference; lastKnownFileType = sourcecode.swift; path = ChangeBackground.swift; sourceTree = "<group>"; };
		0438856A2870F67800323FF3 /* ShowCharts.swift */ = {isa = PBXFileReference; lastKnownFileType = sourcecode.swift; path = ShowCharts.swift; sourceTree = "<group>"; };
		0438856C28710D1600323FF3 /* ExternalAccessory.framework */ = {isa = PBXFileReference; lastKnownFileType = wrapper.framework; name = ExternalAccessory.framework; path = System/Library/Frameworks/ExternalAccessory.framework; sourceTree = SDKROOT; };
		043976F926867F8200B975E5 /* UseLazyGrid.swift */ = {isa = PBXFileReference; lastKnownFileType = sourcecode.swift; path = UseLazyGrid.swift; sourceTree = "<group>"; };
		04397702268D3E7200B975E5 /* UseImageAsViewBackground.swift */ = {isa = PBXFileReference; lastKnownFileType = sourcecode.swift; path = UseImageAsViewBackground.swift; sourceTree = "<group>"; };
		0442FCCC25E59D13000D7283 /* README.md */ = {isa = PBXFileReference; fileEncoding = 4; lastKnownFileType = net.daringfireball.markdown; path = README.md; sourceTree = "<group>"; };
		0445D40125E8224A0060AD02 /* CurlPage.swift */ = {isa = PBXFileReference; lastKnownFileType = sourcecode.swift; path = CurlPage.swift; sourceTree = "<group>"; };
		044AE890273340150058240B /* SizePDFImage.swift */ = {isa = PBXFileReference; lastKnownFileType = sourcecode.swift; path = SizePDFImage.swift; sourceTree = "<group>"; };
		045D7F1225DF9E2300150123 /* watchos.app */ = {isa = PBXFileReference; explicitFileType = wrapper.application; includeInIndex = 0; path = watchos.app; sourceTree = BUILT_PRODUCTS_DIR; };
		045D7F1525DF9E2400150123 /* watchos WatchKit App.app */ = {isa = PBXFileReference; explicitFileType = wrapper.application; includeInIndex = 0; path = "watchos WatchKit App.app"; sourceTree = BUILT_PRODUCTS_DIR; };
		045D7F1C25DF9E2500150123 /* Info.plist */ = {isa = PBXFileReference; lastKnownFileType = text.plist.xml; path = Info.plist; sourceTree = "<group>"; };
		045D7F2125DF9E2500150123 /* watchos WatchKit Extension.appex */ = {isa = PBXFileReference; explicitFileType = "wrapper.app-extension"; includeInIndex = 0; path = "watchos WatchKit Extension.appex"; sourceTree = BUILT_PRODUCTS_DIR; };
		045D7F2625DF9E2500150123 /* HowToSwiftUIApp.swift */ = {isa = PBXFileReference; lastKnownFileType = sourcecode.swift; path = HowToSwiftUIApp.swift; sourceTree = "<group>"; };
		045D7F2825DF9E2500150123 /* ContentView.swift */ = {isa = PBXFileReference; lastKnownFileType = sourcecode.swift; path = ContentView.swift; sourceTree = "<group>"; };
		045D7F2A25DF9E2500150123 /* NotificationController.swift */ = {isa = PBXFileReference; lastKnownFileType = sourcecode.swift; path = NotificationController.swift; sourceTree = "<group>"; };
		045D7F2C25DF9E2500150123 /* NotificationView.swift */ = {isa = PBXFileReference; lastKnownFileType = sourcecode.swift; path = NotificationView.swift; sourceTree = "<group>"; };
		045D7F2E25DF9E2500150123 /* ComplicationController.swift */ = {isa = PBXFileReference; lastKnownFileType = sourcecode.swift; path = ComplicationController.swift; sourceTree = "<group>"; };
		045D7F3325DF9E2600150123 /* Preview Assets.xcassets */ = {isa = PBXFileReference; lastKnownFileType = folder.assetcatalog; path = "Preview Assets.xcassets"; sourceTree = "<group>"; };
		045D7F3525DF9E2600150123 /* Info.plist */ = {isa = PBXFileReference; lastKnownFileType = text.plist.xml; path = Info.plist; sourceTree = "<group>"; };
		045D7F3625DF9E2600150123 /* PushNotificationPayload.apns */ = {isa = PBXFileReference; lastKnownFileType = text; path = PushNotificationPayload.apns; sourceTree = "<group>"; };
		045D7F7625DFA03900150123 /* HowTo.swift */ = {isa = PBXFileReference; lastKnownFileType = sourcecode.swift; path = HowTo.swift; sourceTree = "<group>"; };
		04600BD626CD7F840023CC91 /* CopyText.swift */ = {isa = PBXFileReference; lastKnownFileType = sourcecode.swift; path = CopyText.swift; sourceTree = "<group>"; };
		046BC0CA269D12FC00B044A8 /* ShowMapAnnotations.swift */ = {isa = PBXFileReference; lastKnownFileType = sourcecode.swift; path = ShowMapAnnotations.swift; sourceTree = "<group>"; };
		0478402825DC804D00CBF92B /* InsertAndRemoveViewWithTransition.swift */ = {isa = PBXFileReference; lastKnownFileType = sourcecode.swift; path = InsertAndRemoveViewWithTransition.swift; sourceTree = "<group>"; };
		0478402B25DCA28B00CBF92B /* SandBox.swift */ = {isa = PBXFileReference; lastKnownFileType = sourcecode.swift; path = SandBox.swift; sourceTree = "<group>"; };
		047C4BAF25DCABE3006C7A77 /* ShowPopUp.swift */ = {isa = PBXFileReference; lastKnownFileType = sourcecode.swift; path = ShowPopUp.swift; sourceTree = "<group>"; };
		047F55C825E6DDF30051B567 /* Assets.xcassets */ = {isa = PBXFileReference; lastKnownFileType = folder.assetcatalog; path = Assets.xcassets; sourceTree = "<group>"; };
		049B8C1C27E01E25003E27FD /* ViewHTML.swift */ = {isa = PBXFileReference; lastKnownFileType = sourcecode.swift; path = ViewHTML.swift; sourceTree = "<group>"; };
		049CD8F725E613E800482E7F /* HowToSwiftUI.entitlements */ = {isa = PBXFileReference; lastKnownFileType = text.plist.entitlements; path = HowToSwiftUI.entitlements; sourceTree = "<group>"; };
		049CD91B25E61BB500482E7F /* tvOS.app */ = {isa = PBXFileReference; explicitFileType = wrapper.application; includeInIndex = 0; path = tvOS.app; sourceTree = BUILT_PRODUCTS_DIR; };
		049CD91D25E61BB500482E7F /* tvOSApp.swift */ = {isa = PBXFileReference; lastKnownFileType = sourcecode.swift; path = tvOSApp.swift; sourceTree = "<group>"; };
		049CD91F25E61BB500482E7F /* ContentView.swift */ = {isa = PBXFileReference; lastKnownFileType = sourcecode.swift; path = ContentView.swift; sourceTree = "<group>"; };
		049CD92425E61BB600482E7F /* Preview Assets.xcassets */ = {isa = PBXFileReference; lastKnownFileType = folder.assetcatalog; path = "Preview Assets.xcassets"; sourceTree = "<group>"; };
		049CD92B25E61BB600482E7F /* Info.plist */ = {isa = PBXFileReference; lastKnownFileType = text.plist.xml; path = Info.plist; sourceTree = "<group>"; };
		04C417EB2703DCCD00692C7A /* AddAnnotationsToMap.swift */ = {isa = PBXFileReference; lastKnownFileType = sourcecode.swift; path = AddAnnotationsToMap.swift; sourceTree = "<group>"; };
		04C417ED2703E47B00692C7A /* SpaceImagesProportionally.swift */ = {isa = PBXFileReference; lastKnownFileType = sourcecode.swift; path = SpaceImagesProportionally.swift; sourceTree = "<group>"; };
		04CA86BB260D139D004C2A5C /* UseUIKitPageView.swift */ = {isa = PBXFileReference; lastKnownFileType = sourcecode.swift; path = UseUIKitPageView.swift; sourceTree = "<group>"; };
		04D87355269E40CB00873682 /* TrackAnnotationInMap.swift */ = {isa = PBXFileReference; lastKnownFileType = sourcecode.swift; path = TrackAnnotationInMap.swift; sourceTree = "<group>"; };
		04D87357269FCF0600873682 /* HandleOptionalObservedObject.swift */ = {isa = PBXFileReference; lastKnownFileType = sourcecode.swift; path = HandleOptionalObservedObject.swift; sourceTree = "<group>"; };
		04D8735F26A8C52100873682 /* UpdateAnnotationLocation.swift */ = {isa = PBXFileReference; lastKnownFileType = sourcecode.swift; path = UpdateAnnotationLocation.swift; sourceTree = "<group>"; };
		04EA98BA25CA773900A00C65 /* InsertAndRemoveTab.swift */ = {isa = PBXFileReference; lastKnownFileType = sourcecode.swift; path = InsertAndRemoveTab.swift; sourceTree = "<group>"; };
		04EC57BF2602AC9400DEA017 /* ZStackImages.swift */ = {isa = PBXFileReference; lastKnownFileType = sourcecode.swift; path = ZStackImages.swift; sourceTree = "<group>"; };
/* End PBXFileReference section */

/* Begin PBXFrameworksBuildPhase section */
		041CB96D25C8CE6800111090 /* Frameworks */ = {
			isa = PBXFrameworksBuildPhase;
			buildActionMask = 2147483647;
			files = (
				041ECC8725CE45E300A37F49 /* SwiftUIComponents in Frameworks */,
				0438856D28710D1600323FF3 /* ExternalAccessory.framework in Frameworks */,
				041ECC8025CE1F1000A37F49 /* Introspect in Frameworks */,
				04FB23132638AB89000D2D07 /* SwiftUtilities in Frameworks */,
			);
			runOnlyForDeploymentPostprocessing = 0;
		};
		045D7F1E25DF9E2500150123 /* Frameworks */ = {
			isa = PBXFrameworksBuildPhase;
			buildActionMask = 2147483647;
			files = (
				0422E15725DFA9DC0017ABCF /* SwiftUIComponents in Frameworks */,
			);
			runOnlyForDeploymentPostprocessing = 0;
		};
		049CD91825E61BB500482E7F /* Frameworks */ = {
			isa = PBXFrameworksBuildPhase;
			buildActionMask = 2147483647;
			files = (
				049CD96925E61C8D00482E7F /* SwiftUIComponents in Frameworks */,
				049CD96B25E61C9000482E7F /* Introspect in Frameworks */,
			);
			runOnlyForDeploymentPostprocessing = 0;
		};
/* End PBXFrameworksBuildPhase section */

/* Begin PBXGroup section */
		0418F63B25D4EE7800B40FAB /* How to's */ = {
			isa = PBXGroup;
			children = (
				041DF01825DF54FE0029ECE5 /* ReflectView.swift */,
				0400C70E25DF091100D234EE /* ScrollRotatingCards.swift */,
				047C4BAF25DCABE3006C7A77 /* ShowPopUp.swift */,
				0400C70B25DCEF6400D234EE /* rotate3DEffect.swift */,
				041CB98A25C8D83300111090 /* CenterTextFieldPlaceholderText.swift */,
				0478402825DC804D00CBF92B /* InsertAndRemoveViewWithTransition.swift */,
				041ECC7B25CE1EB600A37F49 /* SecureToggleTextField.swift */,
				041CB98625C8D20700111090 /* UseSheet.swift */,
				041CB98325C8CFB600111090 /* HideNavigationBar.swift */,
				04EA98BA25CA773900A00C65 /* InsertAndRemoveTab.swift */,
				0418F63825D4EDB800B40FAB /* DisableTab.swift */,
				0400C70125DCAE2B00D234EE /* PassGenericViewContent.swift */,
				0445D40125E8224A0060AD02 /* CurlPage.swift */,
				04EC57BF2602AC9400DEA017 /* ZStackImages.swift */,
				04CA86BB260D139D004C2A5C /* UseUIKitPageView.swift */,
				043976F926867F8200B975E5 /* UseLazyGrid.swift */,
				04397702268D3E7200B975E5 /* UseImageAsViewBackground.swift */,
				046BC0CA269D12FC00B044A8 /* ShowMapAnnotations.swift */,
				04D8735F26A8C52100873682 /* UpdateAnnotationLocation.swift */,
				04D87355269E40CB00873682 /* TrackAnnotationInMap.swift */,
				04D87357269FCF0600873682 /* HandleOptionalObservedObject.swift */,
				04600BD626CD7F840023CC91 /* CopyText.swift */,
				04C417EB2703DCCD00692C7A /* AddAnnotationsToMap.swift */,
				04C417ED2703E47B00692C7A /* SpaceImagesProportionally.swift */,
				044AE890273340150058240B /* SizePDFImage.swift */,
				049B8C1C27E01E25003E27FD /* ViewHTML.swift */,
				0438856A2870F67800323FF3 /* ShowCharts.swift */,
				040CF5BB2889085C00170D51 /* DrawBorderAroundRoundedRectangle.swift */,
			);
			path = "How to's";
			sourceTree = "<group>";
		};
		041CB96725C8CE6800111090 = {
			isa = PBXGroup;
			children = (
				0442FCCC25E59D13000D7283 /* README.md */,
				041CB97225C8CE6800111090 /* HowToSwiftUI */,
				045D7F1925DF9E2400150123 /* watchos WatchKit App */,
				045D7F2525DF9E2500150123 /* watchos WatchKit Extension */,
				049CD91C25E61BB500482E7F /* tvOS */,
				041CB97125C8CE6800111090 /* Products */,
				0422E15525DFA9DC0017ABCF /* Frameworks */,
			);
			sourceTree = "<group>";
		};
		041CB97125C8CE6800111090 /* Products */ = {
			isa = PBXGroup;
			children = (
				041CB97025C8CE6800111090 /* HowToSwiftUI.app */,
				045D7F1225DF9E2300150123 /* watchos.app */,
				045D7F1525DF9E2400150123 /* watchos WatchKit App.app */,
				045D7F2125DF9E2500150123 /* watchos WatchKit Extension.appex */,
				049CD91B25E61BB500482E7F /* tvOS.app */,
			);
			name = Products;
			sourceTree = "<group>";
		};
		041CB97225C8CE6800111090 /* HowToSwiftUI */ = {
			isa = PBXGroup;
			children = (
				049CD8F725E613E800482E7F /* HowToSwiftUI.entitlements */,
				041CB97325C8CE6800111090 /* HowToSwiftUIApp.swift */,
				041CB97525C8CE6800111090 /* ContentView.swift */,
				045D7F7625DFA03900150123 /* HowTo.swift */,
				0478402B25DCA28B00CBF92B /* SandBox.swift */,
				0418F63B25D4EE7800B40FAB /* How to's */,
				041CB97725C8CE6A00111090 /* Assets.xcassets */,
				041CB97C25C8CE6A00111090 /* Info.plist */,
				041CB97925C8CE6A00111090 /* Preview Content */,
			);
			path = HowToSwiftUI;
			sourceTree = "<group>";
		};
		041CB97925C8CE6A00111090 /* Preview Content */ = {
			isa = PBXGroup;
			children = (
				041CB97A25C8CE6A00111090 /* Preview Assets.xcassets */,
			);
			path = "Preview Content";
			sourceTree = "<group>";
		};
		0422E15525DFA9DC0017ABCF /* Frameworks */ = {
			isa = PBXGroup;
			children = (
				0438856C28710D1600323FF3 /* ExternalAccessory.framework */,
			);
			name = Frameworks;
			sourceTree = "<group>";
		};
		0422E16C25DFB1D80017ABCF /* How To */ = {
			isa = PBXGroup;
			children = (
				0422E16D25DFB1F10017ABCF /* UseButton.swift */,
				0422E17525E02C400017ABCF /* ChangeBackground.swift */,
			);
			path = "How To";
			sourceTree = "<group>";
		};
		045D7F1925DF9E2400150123 /* watchos WatchKit App */ = {
			isa = PBXGroup;
			children = (
				045D7F1C25DF9E2500150123 /* Info.plist */,
			);
			path = "watchos WatchKit App";
			sourceTree = "<group>";
		};
		045D7F2525DF9E2500150123 /* watchos WatchKit Extension */ = {
			isa = PBXGroup;
			children = (
				045D7F2625DF9E2500150123 /* HowToSwiftUIApp.swift */,
				045D7F2825DF9E2500150123 /* ContentView.swift */,
				045D7F2A25DF9E2500150123 /* NotificationController.swift */,
				045D7F2C25DF9E2500150123 /* NotificationView.swift */,
				045D7F2E25DF9E2500150123 /* ComplicationController.swift */,
				0422E16C25DFB1D80017ABCF /* How To */,
				045D7F3525DF9E2600150123 /* Info.plist */,
				045D7F3625DF9E2600150123 /* PushNotificationPayload.apns */,
				045D7F3225DF9E2600150123 /* Preview Content */,
			);
			path = "watchos WatchKit Extension";
			sourceTree = "<group>";
		};
		045D7F3225DF9E2600150123 /* Preview Content */ = {
			isa = PBXGroup;
			children = (
				045D7F3325DF9E2600150123 /* Preview Assets.xcassets */,
			);
			path = "Preview Content";
			sourceTree = "<group>";
		};
		049CD91C25E61BB500482E7F /* tvOS */ = {
			isa = PBXGroup;
			children = (
				049CD91D25E61BB500482E7F /* tvOSApp.swift */,
				049CD91F25E61BB500482E7F /* ContentView.swift */,
				047F55C825E6DDF30051B567 /* Assets.xcassets */,
				049CD92B25E61BB600482E7F /* Info.plist */,
				049CD97625E61EBA00482E7F /* How To's */,
				049CD92325E61BB600482E7F /* Preview Content */,
			);
			path = tvOS;
			sourceTree = "<group>";
		};
		049CD92325E61BB600482E7F /* Preview Content */ = {
			isa = PBXGroup;
			children = (
				049CD92425E61BB600482E7F /* Preview Assets.xcassets */,
			);
			path = "Preview Content";
			sourceTree = "<group>";
		};
		049CD97625E61EBA00482E7F /* How To's */ = {
			isa = PBXGroup;
			children = (
			);
			path = "How To's";
			sourceTree = "<group>";
		};
/* End PBXGroup section */

/* Begin PBXNativeTarget section */
		041CB96F25C8CE6800111090 /* HowToSwiftUI */ = {
			isa = PBXNativeTarget;
			buildConfigurationList = 041CB97F25C8CE6A00111090 /* Build configuration list for PBXNativeTarget "HowToSwiftUI" */;
			buildPhases = (
				041CB96C25C8CE6800111090 /* Sources */,
				041CB96D25C8CE6800111090 /* Frameworks */,
				041CB96E25C8CE6800111090 /* Resources */,
			);
			buildRules = (
			);
			dependencies = (
			);
			name = HowToSwiftUI;
			packageProductDependencies = (
				041ECC7F25CE1F1000A37F49 /* Introspect */,
				041ECC8625CE45E300A37F49 /* SwiftUIComponents */,
				04FB23122638AB89000D2D07 /* SwiftUtilities */,
			);
			productName = HowToSwiftUI;
			productReference = 041CB97025C8CE6800111090 /* HowToSwiftUI.app */;
			productType = "com.apple.product-type.application";
		};
		045D7F1125DF9E2300150123 /* watchos */ = {
			isa = PBXNativeTarget;
			buildConfigurationList = 045D7F3F25DF9E2600150123 /* Build configuration list for PBXNativeTarget "watchos" */;
			buildPhases = (
				045D7F1025DF9E2300150123 /* Resources */,
				045D7F3E25DF9E2600150123 /* Embed Watch Content */,
			);
			buildRules = (
			);
			dependencies = (
				045D7F1825DF9E2400150123 /* PBXTargetDependency */,
			);
			name = watchos;
			productName = watchos;
			productReference = 045D7F1225DF9E2300150123 /* watchos.app */;
			productType = "com.apple.product-type.application.watchapp2-container";
		};
		045D7F1425DF9E2400150123 /* watchos WatchKit App */ = {
			isa = PBXNativeTarget;
			buildConfigurationList = 045D7F3B25DF9E2600150123 /* Build configuration list for PBXNativeTarget "watchos WatchKit App" */;
			buildPhases = (
				045D7F1325DF9E2400150123 /* Resources */,
				045D7F3A25DF9E2600150123 /* Embed App Extensions */,
			);
			buildRules = (
			);
			dependencies = (
				045D7F2425DF9E2500150123 /* PBXTargetDependency */,
			);
			name = "watchos WatchKit App";
			productName = "watchos WatchKit App";
			productReference = 045D7F1525DF9E2400150123 /* watchos WatchKit App.app */;
			productType = "com.apple.product-type.application.watchapp2";
		};
		045D7F2025DF9E2500150123 /* watchos WatchKit Extension */ = {
			isa = PBXNativeTarget;
			buildConfigurationList = 045D7F3725DF9E2600150123 /* Build configuration list for PBXNativeTarget "watchos WatchKit Extension" */;
			buildPhases = (
				045D7F1D25DF9E2500150123 /* Sources */,
				045D7F1E25DF9E2500150123 /* Frameworks */,
				045D7F1F25DF9E2500150123 /* Resources */,
			);
			buildRules = (
			);
			dependencies = (
			);
			name = "watchos WatchKit Extension";
			packageProductDependencies = (
				0422E15625DFA9DC0017ABCF /* SwiftUIComponents */,
			);
			productName = "watchos WatchKit Extension";
			productReference = 045D7F2125DF9E2500150123 /* watchos WatchKit Extension.appex */;
			productType = "com.apple.product-type.watchkit2-extension";
		};
		049CD91A25E61BB500482E7F /* tvOS */ = {
			isa = PBXNativeTarget;
			buildConfigurationList = 049CD94225E61BB700482E7F /* Build configuration list for PBXNativeTarget "tvOS" */;
			buildPhases = (
				049CD91725E61BB500482E7F /* Sources */,
				049CD91825E61BB500482E7F /* Frameworks */,
				049CD91925E61BB500482E7F /* Resources */,
			);
			buildRules = (
			);
			dependencies = (
			);
			name = tvOS;
			packageProductDependencies = (
				049CD96825E61C8D00482E7F /* SwiftUIComponents */,
				049CD96A25E61C9000482E7F /* Introspect */,
			);
			productName = tvOS;
			productReference = 049CD91B25E61BB500482E7F /* tvOS.app */;
			productType = "com.apple.product-type.application";
		};
/* End PBXNativeTarget section */

/* Begin PBXProject section */
		041CB96825C8CE6800111090 /* Project object */ = {
			isa = PBXProject;
			attributes = {
				LastSwiftUpdateCheck = 1240;
				LastUpgradeCheck = 1240;
				TargetAttributes = {
					041CB96F25C8CE6800111090 = {
						CreatedOnToolsVersion = 12.4;
					};
					045D7F1125DF9E2300150123 = {
						CreatedOnToolsVersion = 12.4;
					};
					045D7F1425DF9E2400150123 = {
						CreatedOnToolsVersion = 12.4;
					};
					045D7F2025DF9E2500150123 = {
						CreatedOnToolsVersion = 12.4;
					};
					049CD91A25E61BB500482E7F = {
						CreatedOnToolsVersion = 12.4;
					};
				};
			};
			buildConfigurationList = 041CB96B25C8CE6800111090 /* Build configuration list for PBXProject "HowToSwiftUI" */;
			compatibilityVersion = "Xcode 9.3";
			developmentRegion = en;
			hasScannedForEncodings = 0;
			knownRegions = (
				en,
				Base,
			);
			mainGroup = 041CB96725C8CE6800111090;
			packageReferences = (
				041ECC7E25CE1F1000A37F49 /* XCRemoteSwiftPackageReference "SwiftUI-Introspect" */,
				041ECC8525CE45E300A37F49 /* XCRemoteSwiftPackageReference "SwiftUIComponents" */,
				046A0E2A25E82B41000088FA /* XCRemoteSwiftPackageReference "SwiftUtilities" */,
			);
			productRefGroup = 041CB97125C8CE6800111090 /* Products */;
			projectDirPath = "";
			projectRoot = "";
			targets = (
				041CB96F25C8CE6800111090 /* HowToSwiftUI */,
				045D7F1125DF9E2300150123 /* watchos */,
				045D7F1425DF9E2400150123 /* watchos WatchKit App */,
				045D7F2025DF9E2500150123 /* watchos WatchKit Extension */,
				049CD91A25E61BB500482E7F /* tvOS */,
			);
		};
/* End PBXProject section */

/* Begin PBXResourcesBuildPhase section */
		041CB96E25C8CE6800111090 /* Resources */ = {
			isa = PBXResourcesBuildPhase;
			buildActionMask = 2147483647;
			files = (
				0442FCCD25E59D13000D7283 /* README.md in Resources */,
				041CB97B25C8CE6A00111090 /* Preview Assets.xcassets in Resources */,
				041CB97825C8CE6A00111090 /* Assets.xcassets in Resources */,
			);
			runOnlyForDeploymentPostprocessing = 0;
		};
		045D7F1025DF9E2300150123 /* Resources */ = {
			isa = PBXResourcesBuildPhase;
			buildActionMask = 2147483647;
			files = (
				0453E25125E6C8D200B70A4E /* Assets.xcassets in Resources */,
			);
			runOnlyForDeploymentPostprocessing = 0;
		};
		045D7F1325DF9E2400150123 /* Resources */ = {
			isa = PBXResourcesBuildPhase;
			buildActionMask = 2147483647;
			files = (
				0453E24B25E6C8D100B70A4E /* Assets.xcassets in Resources */,
			);
			runOnlyForDeploymentPostprocessing = 0;
		};
		045D7F1F25DF9E2500150123 /* Resources */ = {
			isa = PBXResourcesBuildPhase;
			buildActionMask = 2147483647;
			files = (
				045D7F3425DF9E2600150123 /* Preview Assets.xcassets in Resources */,
				0453E25725E6C8D300B70A4E /* Assets.xcassets in Resources */,
			);
			runOnlyForDeploymentPostprocessing = 0;
		};
		049CD91925E61BB500482E7F /* Resources */ = {
			isa = PBXResourcesBuildPhase;
			buildActionMask = 2147483647;
			files = (
				049CD92525E61BB600482E7F /* Preview Assets.xcassets in Resources */,
				047F55C925E6DDF30051B567 /* Assets.xcassets in Resources */,
			);
			runOnlyForDeploymentPostprocessing = 0;
		};
/* End PBXResourcesBuildPhase section */

/* Begin PBXSourcesBuildPhase section */
		041CB96C25C8CE6800111090 /* Sources */ = {
			isa = PBXSourcesBuildPhase;
			buildActionMask = 2147483647;
			files = (
				0445D40225E8224A0060AD02 /* CurlPage.swift in Sources */,
				0400C70C25DCEF6400D234EE /* rotate3DEffect.swift in Sources */,
				04C417EE2703E47B00692C7A /* SpaceImagesProportionally.swift in Sources */,
				04EA98BB25CA773900A00C65 /* InsertAndRemoveTab.swift in Sources */,
				04397703268D3E7200B975E5 /* UseImageAsViewBackground.swift in Sources */,
				041CB98B25C8D83300111090 /* CenterTextFieldPlaceholderText.swift in Sources */,
				041CB97625C8CE6800111090 /* ContentView.swift in Sources */,
				046BC0CB269D12FC00B044A8 /* ShowMapAnnotations.swift in Sources */,
				041CB98725C8D20700111090 /* UseSheet.swift in Sources */,
				04D87358269FCF0600873682 /* HandleOptionalObservedObject.swift in Sources */,
				04D8736026A8C52200873682 /* UpdateAnnotationLocation.swift in Sources */,
				047C4BB025DCABE3006C7A77 /* ShowPopUp.swift in Sources */,
				04EC57C02602AC9400DEA017 /* ZStackImages.swift in Sources */,
				0478402925DC804D00CBF92B /* InsertAndRemoveViewWithTransition.swift in Sources */,
				045D7F7725DFA03900150123 /* HowTo.swift in Sources */,
				041CB97425C8CE6800111090 /* HowToSwiftUIApp.swift in Sources */,
				04C417EC2703DCCD00692C7A /* AddAnnotationsToMap.swift in Sources */,
				04D87356269E40CB00873682 /* TrackAnnotationInMap.swift in Sources */,
				043976FA26867F8200B975E5 /* UseLazyGrid.swift in Sources */,
				041DF01925DF54FE0029ECE5 /* ReflectView.swift in Sources */,
				041CB98425C8CFB600111090 /* HideNavigationBar.swift in Sources */,
				044AE891273340150058240B /* SizePDFImage.swift in Sources */,
				04600BD726CD7F840023CC91 /* CopyText.swift in Sources */,
				049B8C1D27E01E25003E27FD /* ViewHTML.swift in Sources */,
				0400C70F25DF091100D234EE /* ScrollRotatingCards.swift in Sources */,
				0478402C25DCA28B00CBF92B /* SandBox.swift in Sources */,
				0438856B2870F67800323FF3 /* ShowCharts.swift in Sources */,
				0418F63925D4EDB800B40FAB /* DisableTab.swift in Sources */,
				040CF5BC2889085D00170D51 /* DrawBorderAroundRoundedRectangle.swift in Sources */,
				0400C70225DCAE2B00D234EE /* PassGenericViewContent.swift in Sources */,
				041ECC7C25CE1EB600A37F49 /* SecureToggleTextField.swift in Sources */,
				04CA86BC260D139D004C2A5C /* UseUIKitPageView.swift in Sources */,
			);
			runOnlyForDeploymentPostprocessing = 0;
		};
		045D7F1D25DF9E2500150123 /* Sources */ = {
			isa = PBXSourcesBuildPhase;
			buildActionMask = 2147483647;
			files = (
				045D7F2B25DF9E2500150123 /* NotificationController.swift in Sources */,
				045D7F2925DF9E2500150123 /* ContentView.swift in Sources */,
				045D7F2F25DF9E2500150123 /* ComplicationController.swift in Sources */,
				045D7F7E25DFA04400150123 /* HowTo.swift in Sources */,
				045D7F2725DF9E2500150123 /* HowToSwiftUIApp.swift in Sources */,
				045D7F2D25DF9E2500150123 /* NotificationView.swift in Sources */,
				0422E16E25DFB1F10017ABCF /* UseButton.swift in Sources */,
				0422E17625E02C400017ABCF /* ChangeBackground.swift in Sources */,
			);
			runOnlyForDeploymentPostprocessing = 0;
		};
		049CD91725E61BB500482E7F /* Sources */ = {
			isa = PBXSourcesBuildPhase;
			buildActionMask = 2147483647;
			files = (
				049CD9C225E62D4100482E7F /* InsertAndRemoveTab.swift in Sources */,
				049CD9CE25E62D4700482E7F /* PassGenericViewContent.swift in Sources */,
				049CD9B625E62D3900482E7F /* SecureToggleTextField.swift in Sources */,
				049CD96225E61C1F00482E7F /* HowTo.swift in Sources */,
				049CD98C25E62CF000482E7F /* UseSheet.swift in Sources */,
				049CD9C825E62D4300482E7F /* DisableTab.swift in Sources */,
				049CD99225E62D2600482E7F /* ReflectView.swift in Sources */,
				049CD9BC25E62D3D00482E7F /* HideNavigationBar.swift in Sources */,
				049CD9B025E62D3600482E7F /* InsertAndRemoveViewWithTransition.swift in Sources */,
				049CD92025E61BB500482E7F /* ContentView.swift in Sources */,
				049CD99825E62D2900482E7F /* ScrollRotatingCards.swift in Sources */,
				049CD9AA25E62D3200482E7F /* CenterTextFieldPlaceholderText.swift in Sources */,
				049CD91E25E61BB500482E7F /* tvOSApp.swift in Sources */,
				049CD98625E61F3D00482E7F /* SandBox.swift in Sources */,
				049CD99E25E62D2D00482E7F /* ShowPopUp.swift in Sources */,
				049CD9A425E62D2F00482E7F /* rotate3DEffect.swift in Sources */,
			);
			runOnlyForDeploymentPostprocessing = 0;
		};
/* End PBXSourcesBuildPhase section */

/* Begin PBXTargetDependency section */
		045D7F1825DF9E2400150123 /* PBXTargetDependency */ = {
			isa = PBXTargetDependency;
			target = 045D7F1425DF9E2400150123 /* watchos WatchKit App */;
			targetProxy = 045D7F1725DF9E2400150123 /* PBXContainerItemProxy */;
		};
		045D7F2425DF9E2500150123 /* PBXTargetDependency */ = {
			isa = PBXTargetDependency;
			target = 045D7F2025DF9E2500150123 /* watchos WatchKit Extension */;
			targetProxy = 045D7F2325DF9E2500150123 /* PBXContainerItemProxy */;
		};
/* End PBXTargetDependency section */

/* Begin XCBuildConfiguration section */
		041CB97D25C8CE6A00111090 /* Debug */ = {
			isa = XCBuildConfiguration;
			buildSettings = {
				ALWAYS_SEARCH_USER_PATHS = NO;
				CLANG_ANALYZER_NONNULL = YES;
				CLANG_ANALYZER_NUMBER_OBJECT_CONVERSION = YES_AGGRESSIVE;
				CLANG_CXX_LANGUAGE_STANDARD = "gnu++14";
				CLANG_CXX_LIBRARY = "libc++";
				CLANG_ENABLE_MODULES = YES;
				CLANG_ENABLE_OBJC_ARC = YES;
				CLANG_ENABLE_OBJC_WEAK = YES;
				CLANG_WARN_BLOCK_CAPTURE_AUTORELEASING = YES;
				CLANG_WARN_BOOL_CONVERSION = YES;
				CLANG_WARN_COMMA = YES;
				CLANG_WARN_CONSTANT_CONVERSION = YES;
				CLANG_WARN_DEPRECATED_OBJC_IMPLEMENTATIONS = YES;
				CLANG_WARN_DIRECT_OBJC_ISA_USAGE = YES_ERROR;
				CLANG_WARN_DOCUMENTATION_COMMENTS = YES;
				CLANG_WARN_EMPTY_BODY = YES;
				CLANG_WARN_ENUM_CONVERSION = YES;
				CLANG_WARN_INFINITE_RECURSION = YES;
				CLANG_WARN_INT_CONVERSION = YES;
				CLANG_WARN_NON_LITERAL_NULL_CONVERSION = YES;
				CLANG_WARN_OBJC_IMPLICIT_RETAIN_SELF = YES;
				CLANG_WARN_OBJC_LITERAL_CONVERSION = YES;
				CLANG_WARN_OBJC_ROOT_CLASS = YES_ERROR;
				CLANG_WARN_QUOTED_INCLUDE_IN_FRAMEWORK_HEADER = YES;
				CLANG_WARN_RANGE_LOOP_ANALYSIS = YES;
				CLANG_WARN_STRICT_PROTOTYPES = YES;
				CLANG_WARN_SUSPICIOUS_MOVE = YES;
				CLANG_WARN_UNGUARDED_AVAILABILITY = YES_AGGRESSIVE;
				CLANG_WARN_UNREACHABLE_CODE = YES;
				CLANG_WARN__DUPLICATE_METHOD_MATCH = YES;
				COPY_PHASE_STRIP = NO;
				DEBUG_INFORMATION_FORMAT = dwarf;
				ENABLE_STRICT_OBJC_MSGSEND = YES;
				ENABLE_TESTABILITY = YES;
				GCC_C_LANGUAGE_STANDARD = gnu11;
				GCC_DYNAMIC_NO_PIC = NO;
				GCC_NO_COMMON_BLOCKS = YES;
				GCC_OPTIMIZATION_LEVEL = 0;
				GCC_PREPROCESSOR_DEFINITIONS = (
					"DEBUG=1",
					"$(inherited)",
				);
				GCC_WARN_64_TO_32_BIT_CONVERSION = YES;
				GCC_WARN_ABOUT_RETURN_TYPE = YES_ERROR;
				GCC_WARN_UNDECLARED_SELECTOR = YES;
				GCC_WARN_UNINITIALIZED_AUTOS = YES_AGGRESSIVE;
				GCC_WARN_UNUSED_FUNCTION = YES;
				GCC_WARN_UNUSED_VARIABLE = YES;
				IPHONEOS_DEPLOYMENT_TARGET = 14.4;
				MTL_ENABLE_DEBUG_INFO = INCLUDE_SOURCE;
				MTL_FAST_MATH = YES;
				ONLY_ACTIVE_ARCH = YES;
				SDKROOT = iphoneos;
				SWIFT_ACTIVE_COMPILATION_CONDITIONS = DEBUG;
				SWIFT_OPTIMIZATION_LEVEL = "-Onone";
				TVOS_DEPLOYMENT_TARGET = 14.0;
			};
			name = Debug;
		};
		041CB97E25C8CE6A00111090 /* Release */ = {
			isa = XCBuildConfiguration;
			buildSettings = {
				ALWAYS_SEARCH_USER_PATHS = NO;
				CLANG_ANALYZER_NONNULL = YES;
				CLANG_ANALYZER_NUMBER_OBJECT_CONVERSION = YES_AGGRESSIVE;
				CLANG_CXX_LANGUAGE_STANDARD = "gnu++14";
				CLANG_CXX_LIBRARY = "libc++";
				CLANG_ENABLE_MODULES = YES;
				CLANG_ENABLE_OBJC_ARC = YES;
				CLANG_ENABLE_OBJC_WEAK = YES;
				CLANG_WARN_BLOCK_CAPTURE_AUTORELEASING = YES;
				CLANG_WARN_BOOL_CONVERSION = YES;
				CLANG_WARN_COMMA = YES;
				CLANG_WARN_CONSTANT_CONVERSION = YES;
				CLANG_WARN_DEPRECATED_OBJC_IMPLEMENTATIONS = YES;
				CLANG_WARN_DIRECT_OBJC_ISA_USAGE = YES_ERROR;
				CLANG_WARN_DOCUMENTATION_COMMENTS = YES;
				CLANG_WARN_EMPTY_BODY = YES;
				CLANG_WARN_ENUM_CONVERSION = YES;
				CLANG_WARN_INFINITE_RECURSION = YES;
				CLANG_WARN_INT_CONVERSION = YES;
				CLANG_WARN_NON_LITERAL_NULL_CONVERSION = YES;
				CLANG_WARN_OBJC_IMPLICIT_RETAIN_SELF = YES;
				CLANG_WARN_OBJC_LITERAL_CONVERSION = YES;
				CLANG_WARN_OBJC_ROOT_CLASS = YES_ERROR;
				CLANG_WARN_QUOTED_INCLUDE_IN_FRAMEWORK_HEADER = YES;
				CLANG_WARN_RANGE_LOOP_ANALYSIS = YES;
				CLANG_WARN_STRICT_PROTOTYPES = YES;
				CLANG_WARN_SUSPICIOUS_MOVE = YES;
				CLANG_WARN_UNGUARDED_AVAILABILITY = YES_AGGRESSIVE;
				CLANG_WARN_UNREACHABLE_CODE = YES;
				CLANG_WARN__DUPLICATE_METHOD_MATCH = YES;
				COPY_PHASE_STRIP = NO;
				DEBUG_INFORMATION_FORMAT = "dwarf-with-dsym";
				ENABLE_NS_ASSERTIONS = NO;
				ENABLE_STRICT_OBJC_MSGSEND = YES;
				GCC_C_LANGUAGE_STANDARD = gnu11;
				GCC_NO_COMMON_BLOCKS = YES;
				GCC_WARN_64_TO_32_BIT_CONVERSION = YES;
				GCC_WARN_ABOUT_RETURN_TYPE = YES_ERROR;
				GCC_WARN_UNDECLARED_SELECTOR = YES;
				GCC_WARN_UNINITIALIZED_AUTOS = YES_AGGRESSIVE;
				GCC_WARN_UNUSED_FUNCTION = YES;
				GCC_WARN_UNUSED_VARIABLE = YES;
				IPHONEOS_DEPLOYMENT_TARGET = 14.4;
				MTL_ENABLE_DEBUG_INFO = NO;
				MTL_FAST_MATH = YES;
				SDKROOT = iphoneos;
				SWIFT_COMPILATION_MODE = wholemodule;
				SWIFT_OPTIMIZATION_LEVEL = "-O";
				TVOS_DEPLOYMENT_TARGET = 14.0;
				VALIDATE_PRODUCT = YES;
			};
			name = Release;
		};
		041CB98025C8CE6A00111090 /* Debug */ = {
			isa = XCBuildConfiguration;
			buildSettings = {
				ASSETCATALOG_COMPILER_APPICON_NAME = AppIcon;
				ASSETCATALOG_COMPILER_GLOBAL_ACCENT_COLOR_NAME = AccentColor;
				CODE_SIGN_ENTITLEMENTS = HowToSwiftUI/HowToSwiftUI.entitlements;
				CODE_SIGN_IDENTITY = "Apple Development";
				"CODE_SIGN_IDENTITY[sdk=macosx*]" = "Apple Development";
				CODE_SIGN_STYLE = Automatic;
				DEVELOPMENT_ASSET_PATHS = "\"HowToSwiftUI/Preview Content\"";
				DEVELOPMENT_TEAM = 8HL66E8Y24;
				"ENABLE_HARDENED_RUNTIME[sdk=macosx*]" = YES;
				ENABLE_PREVIEWS = YES;
				INFOPLIST_FILE = HowToSwiftUI/Info.plist;
				IPHONEOS_DEPLOYMENT_TARGET = 14.0;
				LD_RUNPATH_SEARCH_PATHS = (
					"$(inherited)",
					"@executable_path/Frameworks",
				);
				MACOSX_DEPLOYMENT_TARGET = 10.15;
				PRODUCT_BUNDLE_IDENTIFIER = com.pragcore.howtoswiftui.ios;
				PRODUCT_NAME = "$(TARGET_NAME)";
				PROVISIONING_PROFILE_SPECIFIER = "";
				"PROVISIONING_PROFILE_SPECIFIER[sdk=macosx*]" = "";
				SUPPORTS_MACCATALYST = YES;
				SWIFT_VERSION = 5.0;
				TARGETED_DEVICE_FAMILY = "1,2";
			};
			name = Debug;
		};
		041CB98125C8CE6A00111090 /* Release */ = {
			isa = XCBuildConfiguration;
			buildSettings = {
				ASSETCATALOG_COMPILER_APPICON_NAME = AppIcon;
				ASSETCATALOG_COMPILER_GLOBAL_ACCENT_COLOR_NAME = AccentColor;
				CODE_SIGN_ENTITLEMENTS = HowToSwiftUI/HowToSwiftUI.entitlements;
				CODE_SIGN_IDENTITY = "Apple Development";
				"CODE_SIGN_IDENTITY[sdk=macosx*]" = "Apple Development";
				CODE_SIGN_STYLE = Automatic;
				DEVELOPMENT_ASSET_PATHS = "\"HowToSwiftUI/Preview Content\"";
				DEVELOPMENT_TEAM = 8HL66E8Y24;
				"ENABLE_HARDENED_RUNTIME[sdk=macosx*]" = YES;
				ENABLE_PREVIEWS = YES;
				INFOPLIST_FILE = HowToSwiftUI/Info.plist;
				IPHONEOS_DEPLOYMENT_TARGET = 14.0;
				LD_RUNPATH_SEARCH_PATHS = (
					"$(inherited)",
					"@executable_path/Frameworks",
				);
				MACOSX_DEPLOYMENT_TARGET = 10.15;
				PRODUCT_BUNDLE_IDENTIFIER = com.pragcore.howtoswiftui.ios;
				PRODUCT_NAME = "$(TARGET_NAME)";
				PROVISIONING_PROFILE_SPECIFIER = "";
				"PROVISIONING_PROFILE_SPECIFIER[sdk=macosx*]" = "";
				SUPPORTS_MACCATALYST = YES;
				SWIFT_VERSION = 5.0;
				TARGETED_DEVICE_FAMILY = "1,2";
			};
			name = Release;
		};
		045D7F3825DF9E2600150123 /* Debug */ = {
			isa = XCBuildConfiguration;
			buildSettings = {
				ASSETCATALOG_COMPILER_COMPLICATION_NAME = Complication;
				CODE_SIGN_STYLE = Automatic;
				DEVELOPMENT_ASSET_PATHS = "\"watchos WatchKit Extension/Preview Content\"";
				ENABLE_PREVIEWS = YES;
				INFOPLIST_FILE = "watchos WatchKit Extension/Info.plist";
				LD_RUNPATH_SEARCH_PATHS = (
					"$(inherited)",
					"@executable_path/Frameworks",
					"@executable_path/../../Frameworks",
				);
				PRODUCT_BUNDLE_IDENTIFIER = com.pragcore.howtoswiftui.watchos.watchos.watchkitapp.watchkitextension;
				PRODUCT_NAME = "${TARGET_NAME}";
				SDKROOT = watchos;
				SKIP_INSTALL = YES;
				SWIFT_VERSION = 5.0;
				TARGETED_DEVICE_FAMILY = 4;
				WATCHOS_DEPLOYMENT_TARGET = 7.2;
			};
			name = Debug;
		};
		045D7F3925DF9E2600150123 /* Release */ = {
			isa = XCBuildConfiguration;
			buildSettings = {
				ASSETCATALOG_COMPILER_COMPLICATION_NAME = Complication;
				CODE_SIGN_STYLE = Automatic;
				DEVELOPMENT_ASSET_PATHS = "\"watchos WatchKit Extension/Preview Content\"";
				ENABLE_PREVIEWS = YES;
				INFOPLIST_FILE = "watchos WatchKit Extension/Info.plist";
				LD_RUNPATH_SEARCH_PATHS = (
					"$(inherited)",
					"@executable_path/Frameworks",
					"@executable_path/../../Frameworks",
				);
				PRODUCT_BUNDLE_IDENTIFIER = com.pragcore.howtoswiftui.watchos.watchos.watchkitapp.watchkitextension;
				PRODUCT_NAME = "${TARGET_NAME}";
				SDKROOT = watchos;
				SKIP_INSTALL = YES;
				SWIFT_VERSION = 5.0;
				TARGETED_DEVICE_FAMILY = 4;
				WATCHOS_DEPLOYMENT_TARGET = 7.2;
			};
			name = Release;
		};
		045D7F3C25DF9E2600150123 /* Debug */ = {
			isa = XCBuildConfiguration;
			buildSettings = {
				ALWAYS_EMBED_SWIFT_STANDARD_LIBRARIES = YES;
				ASSETCATALOG_COMPILER_APPICON_NAME = AppIcon;
				ASSETCATALOG_COMPILER_GLOBAL_ACCENT_COLOR_NAME = AccentColor;
				CODE_SIGN_STYLE = Automatic;
				IBSC_MODULE = watchos_WatchKit_Extension;
				INFOPLIST_FILE = "watchos WatchKit App/Info.plist";
				PRODUCT_BUNDLE_IDENTIFIER = com.pragcore.howtoswiftui.watchos.watchos.watchkitapp;
				PRODUCT_NAME = "$(TARGET_NAME)";
				SDKROOT = watchos;
				SKIP_INSTALL = YES;
				SWIFT_VERSION = 5.0;
				TARGETED_DEVICE_FAMILY = 4;
				WATCHOS_DEPLOYMENT_TARGET = 7.2;
			};
			name = Debug;
		};
		045D7F3D25DF9E2600150123 /* Release */ = {
			isa = XCBuildConfiguration;
			buildSettings = {
				ALWAYS_EMBED_SWIFT_STANDARD_LIBRARIES = YES;
				ASSETCATALOG_COMPILER_APPICON_NAME = AppIcon;
				ASSETCATALOG_COMPILER_GLOBAL_ACCENT_COLOR_NAME = AccentColor;
				CODE_SIGN_STYLE = Automatic;
				IBSC_MODULE = watchos_WatchKit_Extension;
				INFOPLIST_FILE = "watchos WatchKit App/Info.plist";
				PRODUCT_BUNDLE_IDENTIFIER = com.pragcore.howtoswiftui.watchos.watchos.watchkitapp;
				PRODUCT_NAME = "$(TARGET_NAME)";
				SDKROOT = watchos;
				SKIP_INSTALL = YES;
				SWIFT_VERSION = 5.0;
				TARGETED_DEVICE_FAMILY = 4;
				WATCHOS_DEPLOYMENT_TARGET = 7.2;
			};
			name = Release;
		};
		045D7F4025DF9E2600150123 /* Debug */ = {
			isa = XCBuildConfiguration;
			buildSettings = {
				CODE_SIGN_STYLE = Automatic;
				CURRENT_PROJECT_VERSION = 1;
				MARKETING_VERSION = 1.0;
				PRODUCT_BUNDLE_IDENTIFIER = com.pragcore.howtoswiftui.watchos.watchos;
				PRODUCT_NAME = "$(TARGET_NAME)";
				SWIFT_VERSION = 5.0;
			};
			name = Debug;
		};
		045D7F4125DF9E2600150123 /* Release */ = {
			isa = XCBuildConfiguration;
			buildSettings = {
				CODE_SIGN_STYLE = Automatic;
				CURRENT_PROJECT_VERSION = 1;
				MARKETING_VERSION = 1.0;
				PRODUCT_BUNDLE_IDENTIFIER = com.pragcore.howtoswiftui.watchos.watchos;
				PRODUCT_NAME = "$(TARGET_NAME)";
				SWIFT_VERSION = 5.0;
			};
			name = Release;
		};
		049CD94325E61BB700482E7F /* Debug */ = {
			isa = XCBuildConfiguration;
			buildSettings = {
				ASSETCATALOG_COMPILER_APPICON_NAME = "App Icon & Top Shelf Image";
				ASSETCATALOG_COMPILER_GLOBAL_ACCENT_COLOR_NAME = AccentColor;
				CODE_SIGN_STYLE = Automatic;
				DEVELOPMENT_ASSET_PATHS = "\"tvOS/Preview Content\"";
				DEVELOPMENT_TEAM = G7882XEDUN;
				ENABLE_PREVIEWS = YES;
				INFOPLIST_FILE = tvOS/Info.plist;
				LD_RUNPATH_SEARCH_PATHS = (
					"$(inherited)",
					"@executable_path/Frameworks",
				);
				PRODUCT_BUNDLE_IDENTIFIER = com.pragcore.howtoswiftui.tvOS;
				PRODUCT_NAME = "$(TARGET_NAME)";
				SDKROOT = appletvos;
				SWIFT_VERSION = 5.0;
				TARGETED_DEVICE_FAMILY = 3;
				TVOS_DEPLOYMENT_TARGET = 14.3;
			};
			name = Debug;
		};
		049CD94425E61BB700482E7F /* Release */ = {
			isa = XCBuildConfiguration;
			buildSettings = {
				ASSETCATALOG_COMPILER_APPICON_NAME = "App Icon & Top Shelf Image";
				ASSETCATALOG_COMPILER_GLOBAL_ACCENT_COLOR_NAME = AccentColor;
				CODE_SIGN_STYLE = Automatic;
				DEVELOPMENT_ASSET_PATHS = "\"tvOS/Preview Content\"";
				DEVELOPMENT_TEAM = G7882XEDUN;
				ENABLE_PREVIEWS = YES;
				INFOPLIST_FILE = tvOS/Info.plist;
				LD_RUNPATH_SEARCH_PATHS = (
					"$(inherited)",
					"@executable_path/Frameworks",
				);
				PRODUCT_BUNDLE_IDENTIFIER = com.pragcore.howtoswiftui.tvOS;
				PRODUCT_NAME = "$(TARGET_NAME)";
				SDKROOT = appletvos;
				SWIFT_VERSION = 5.0;
				TARGETED_DEVICE_FAMILY = 3;
				TVOS_DEPLOYMENT_TARGET = 14.3;
			};
			name = Release;
		};
/* End XCBuildConfiguration section */

/* Begin XCConfigurationList section */
		041CB96B25C8CE6800111090 /* Build configuration list for PBXProject "HowToSwiftUI" */ = {
			isa = XCConfigurationList;
			buildConfigurations = (
				041CB97D25C8CE6A00111090 /* Debug */,
				041CB97E25C8CE6A00111090 /* Release */,
			);
			defaultConfigurationIsVisible = 0;
			defaultConfigurationName = Release;
		};
		041CB97F25C8CE6A00111090 /* Build configuration list for PBXNativeTarget "HowToSwiftUI" */ = {
			isa = XCConfigurationList;
			buildConfigurations = (
				041CB98025C8CE6A00111090 /* Debug */,
				041CB98125C8CE6A00111090 /* Release */,
			);
			defaultConfigurationIsVisible = 0;
			defaultConfigurationName = Release;
		};
		045D7F3725DF9E2600150123 /* Build configuration list for PBXNativeTarget "watchos WatchKit Extension" */ = {
			isa = XCConfigurationList;
			buildConfigurations = (
				045D7F3825DF9E2600150123 /* Debug */,
				045D7F3925DF9E2600150123 /* Release */,
			);
			defaultConfigurationIsVisible = 0;
			defaultConfigurationName = Release;
		};
		045D7F3B25DF9E2600150123 /* Build configuration list for PBXNativeTarget "watchos WatchKit App" */ = {
			isa = XCConfigurationList;
			buildConfigurations = (
				045D7F3C25DF9E2600150123 /* Debug */,
				045D7F3D25DF9E2600150123 /* Release */,
			);
			defaultConfigurationIsVisible = 0;
			defaultConfigurationName = Release;
		};
		045D7F3F25DF9E2600150123 /* Build configuration list for PBXNativeTarget "watchos" */ = {
			isa = XCConfigurationList;
			buildConfigurations = (
				045D7F4025DF9E2600150123 /* Debug */,
				045D7F4125DF9E2600150123 /* Release */,
			);
			defaultConfigurationIsVisible = 0;
			defaultConfigurationName = Release;
		};
		049CD94225E61BB700482E7F /* Build configuration list for PBXNativeTarget "tvOS" */ = {
			isa = XCConfigurationList;
			buildConfigurations = (
				049CD94325E61BB700482E7F /* Debug */,
				049CD94425E61BB700482E7F /* Release */,
			);
			defaultConfigurationIsVisible = 0;
			defaultConfigurationName = Release;
		};
/* End XCConfigurationList section */

/* Begin XCRemoteSwiftPackageReference section */
		041ECC7E25CE1F1000A37F49 /* XCRemoteSwiftPackageReference "SwiftUI-Introspect" */ = {
			isa = XCRemoteSwiftPackageReference;
			repositoryURL = "https://github.com/siteline/SwiftUI-Introspect";
			requirement = {
				kind = upToNextMajorVersion;
				minimumVersion = 0.1.2;
			};
		};
		041ECC8525CE45E300A37F49 /* XCRemoteSwiftPackageReference "SwiftUIComponents" */ = {
			isa = XCRemoteSwiftPackageReference;
			repositoryURL = "https://github.com/moyoteg/SwiftUIComponents";
			requirement = {
				branch = main;
				kind = branch;
			};
		};
		046A0E2A25E82B41000088FA /* XCRemoteSwiftPackageReference "SwiftUtilities" */ = {
			isa = XCRemoteSwiftPackageReference;
			repositoryURL = "https://github.com/moyoteg/SwiftUtilities";
			requirement = {
				branch = master;
				kind = branch;
			};
		};
/* End XCRemoteSwiftPackageReference section */

/* Begin XCSwiftPackageProductDependency section */
		041ECC7F25CE1F1000A37F49 /* Introspect */ = {
			isa = XCSwiftPackageProductDependency;
			package = 041ECC7E25CE1F1000A37F49 /* XCRemoteSwiftPackageReference "SwiftUI-Introspect" */;
			productName = Introspect;
		};
		041ECC8625CE45E300A37F49 /* SwiftUIComponents */ = {
			isa = XCSwiftPackageProductDependency;
			package = 041ECC8525CE45E300A37F49 /* XCRemoteSwiftPackageReference "SwiftUIComponents" */;
			productName = SwiftUIComponents;
		};
		0422E15625DFA9DC0017ABCF /* SwiftUIComponents */ = {
			isa = XCSwiftPackageProductDependency;
			package = 041ECC8525CE45E300A37F49 /* XCRemoteSwiftPackageReference "SwiftUIComponents" */;
			productName = SwiftUIComponents;
		};
		049CD96825E61C8D00482E7F /* SwiftUIComponents */ = {
			isa = XCSwiftPackageProductDependency;
			package = 041ECC8525CE45E300A37F49 /* XCRemoteSwiftPackageReference "SwiftUIComponents" */;
			productName = SwiftUIComponents;
		};
		049CD96A25E61C9000482E7F /* Introspect */ = {
			isa = XCSwiftPackageProductDependency;
			package = 041ECC7E25CE1F1000A37F49 /* XCRemoteSwiftPackageReference "SwiftUI-Introspect" */;
			productName = Introspect;
		};
		04FB23122638AB89000D2D07 /* SwiftUtilities */ = {
			isa = XCSwiftPackageProductDependency;
			package = 046A0E2A25E82B41000088FA /* XCRemoteSwiftPackageReference "SwiftUtilities" */;
			productName = SwiftUtilities;
		};
/* End XCSwiftPackageProductDependency section */
	};
	rootObject = 041CB96825C8CE6800111090 /* Project object */;
}
